<?xml version="1.0" encoding="UTF-8"?>
<!DOCTYPE plist PUBLIC "-//Apple//DTD PLIST 1.0//EN" "http://www.apple.com/DTDs/PropertyList-1.0.dtd">
<plist version="1.0">
<dict>
	<key>archiveVersion</key>
	<string>1</string>
	<key>classes</key>
	<dict/>
	<key>objectVersion</key>
	<string>46</string>
	<key>objects</key>
	<dict>
		<key>205F61A30321B972285FF0E4</key>
		<dict>
			<key>fileRef</key>
			<string>9F984BD706DBA301702C1C5B</string>
			<key>isa</key>
			<string>PBXBuildFile</string>
		</dict>
		<key>4D7DC88919E6689300D9294B</key>
		<dict>
			<key>children</key>
			<array>
				<string>4D7DC89119EBCBBA00D9294B</string>
				<string>4D7DC89319EBCBDD00D9294B</string>
				<string>4D7DC88A19E668ED00D9294B</string>
				<string>4D7DC88B19E668ED00D9294B</string>
			</array>
			<key>isa</key>
			<string>PBXGroup</string>
			<key>name</key>
			<string>UI</string>
			<key>sourceTree</key>
			<string>&lt;group&gt;</string>
		</dict>
		<key>4D7DC88A19E668ED00D9294B</key>
		<dict>
			<key>fileEncoding</key>
			<string>4</string>
			<key>isa</key>
			<string>PBXFileReference</string>
			<key>lastKnownFileType</key>
			<string>sourcecode.c.h</string>
			<key>name</key>
			<string>QuestionTableViewCell.h</string>
			<key>path</key>
			<string>Models/UI/QuestionTableViewCell.h</string>
			<key>sourceTree</key>
			<string>&lt;group&gt;</string>
		</dict>
		<key>4D7DC88B19E668ED00D9294B</key>
		<dict>
			<key>fileEncoding</key>
			<string>4</string>
			<key>isa</key>
			<string>PBXFileReference</string>
			<key>lastKnownFileType</key>
			<string>sourcecode.c.objc</string>
			<key>name</key>
			<string>QuestionTableViewCell.m</string>
			<key>path</key>
			<string>Models/UI/QuestionTableViewCell.m</string>
			<key>sourceTree</key>
			<string>&lt;group&gt;</string>
		</dict>
		<key>4D7DC88D19E668ED00D9294B</key>
		<dict>
			<key>fileRef</key>
			<string>4D7DC88B19E668ED00D9294B</string>
			<key>isa</key>
			<string>PBXBuildFile</string>
		</dict>
		<key>4D7DC89119EBCBBA00D9294B</key>
		<dict>
			<key>fileEncoding</key>
			<string>4</string>
			<key>isa</key>
			<string>PBXFileReference</string>
			<key>lastKnownFileType</key>
			<string>sourcecode.c.h</string>
			<key>name</key>
			<string>QATableViewCell.h</string>
			<key>path</key>
			<string>Models/UI/QATableViewCell.h</string>
			<key>sourceTree</key>
			<string>&lt;group&gt;</string>
		</dict>
		<key>4D7DC89219EBCBBA00D9294B</key>
		<dict>
			<key>fileRef</key>
			<string>4D7DC89119EBCBBA00D9294B</string>
			<key>isa</key>
			<string>PBXBuildFile</string>
		</dict>
		<key>4D7DC89319EBCBDD00D9294B</key>
		<dict>
			<key>fileEncoding</key>
			<string>4</string>
			<key>isa</key>
			<string>PBXFileReference</string>
			<key>lastKnownFileType</key>
			<string>sourcecode.c.objc</string>
			<key>name</key>
			<string>QATableViewCell.m</string>
			<key>path</key>
			<string>Models/UI/QATableViewCell.m</string>
			<key>sourceTree</key>
			<string>&lt;group&gt;</string>
		</dict>
		<key>4D7DC89419EBCBDD00D9294B</key>
		<dict>
			<key>fileRef</key>
			<string>4D7DC89319EBCBDD00D9294B</string>
			<key>isa</key>
			<string>PBXBuildFile</string>
		</dict>
		<key>4D7DC89519EBCE0A00D9294B</key>
		<dict>
			<key>isa</key>
			<string>PBXFileReference</string>
			<key>lastKnownFileType</key>
			<string>image.png</string>
			<key>path</key>
			<string>coche_valid.png</string>
			<key>sourceTree</key>
			<string>&lt;group&gt;</string>
		</dict>
		<key>4D7DC89619EBCE0A00D9294B</key>
		<dict>
			<key>fileRef</key>
			<string>4D7DC89519EBCE0A00D9294B</string>
			<key>isa</key>
			<string>PBXBuildFile</string>
		</dict>
		<key>4D7DC89719EBD30000D9294B</key>
		<dict>
			<key>children</key>
			<array>
				<string>4D7DC89B19EBD62D00D9294B</string>
			</array>
			<key>isa</key>
			<string>PBXGroup</string>
			<key>name</key>
			<string>Stubs</string>
			<key>sourceTree</key>
			<string>&lt;group&gt;</string>
		</dict>
		<key>4D7DC89819EBD44700D9294B</key>
		<dict>
			<key>fileEncoding</key>
			<string>4</string>
			<key>isa</key>
			<string>PBXFileReference</string>
			<key>lastKnownFileType</key>
			<string>sourcecode.c.h</string>
			<key>name</key>
			<string>NSString+Additions.h</string>
			<key>path</key>
			<string>Stubs/Foundation/NSString+Additions.h</string>
			<key>sourceTree</key>
			<string>&lt;group&gt;</string>
		</dict>
		<key>4D7DC89919EBD44700D9294B</key>
		<dict>
			<key>fileEncoding</key>
			<string>4</string>
			<key>isa</key>
			<string>PBXFileReference</string>
			<key>lastKnownFileType</key>
			<string>sourcecode.c.objc</string>
			<key>name</key>
			<string>NSString+Additions.m</string>
			<key>path</key>
			<string>Stubs/Foundation/NSString+Additions.m</string>
			<key>sourceTree</key>
			<string>&lt;group&gt;</string>
		</dict>
		<key>4D7DC89A19EBD44700D9294B</key>
		<dict>
			<key>fileRef</key>
			<string>4D7DC89919EBD44700D9294B</string>
			<key>isa</key>
			<string>PBXBuildFile</string>
		</dict>
		<key>4D7DC89B19EBD62D00D9294B</key>
		<dict>
			<key>children</key>
			<array>
				<string>4D7DC89819EBD44700D9294B</string>
				<string>4D7DC89919EBD44700D9294B</string>
				<string>5901DB30E02DC7D74A432063</string>
				<string>5901D7C83AF7431036057F50</string>
				<string>5901D04EE6A938402C29581E</string>
				<string>5901D2DD81C78A8972869BCE</string>
			</array>
			<key>isa</key>
			<string>PBXGroup</string>
			<key>name</key>
			<string>Foundation</string>
			<key>sourceTree</key>
			<string>&lt;group&gt;</string>
		</dict>
		<key>4D7DC89C19EBF68D00D9294B</key>
		<dict>
			<key>fileEncoding</key>
			<string>4</string>
			<key>isa</key>
			<string>PBXFileReference</string>
			<key>lastKnownFileType</key>
			<string>sourcecode.c.h</string>
			<key>path</key>
			<string>TagPickerViewController.h</string>
			<key>sourceTree</key>
			<string>&lt;group&gt;</string>
		</dict>
		<key>4D7DC89D19EBF68D00D9294B</key>
		<dict>
			<key>fileEncoding</key>
			<string>4</string>
			<key>isa</key>
			<string>PBXFileReference</string>
			<key>lastKnownFileType</key>
			<string>sourcecode.c.objc</string>
			<key>path</key>
			<string>TagPickerViewController.m</string>
			<key>sourceTree</key>
			<string>&lt;group&gt;</string>
		</dict>
		<key>4D7DC89E19EBF68D00D9294B</key>
		<dict>
			<key>fileRef</key>
			<string>4D7DC89D19EBF68D00D9294B</string>
			<key>isa</key>
			<string>PBXBuildFile</string>
		</dict>
		<key>4D7DC8A019EFBBAA00D9294B</key>
		<dict>
			<key>isa</key>
			<string>PBXFileReference</string>
			<key>lastKnownFileType</key>
			<string>wrapper.framework</string>
			<key>name</key>
			<string>QuartzCore.framework</string>
			<key>path</key>
			<string>System/Library/Frameworks/QuartzCore.framework</string>
			<key>sourceTree</key>
			<string>SDKROOT</string>
		</dict>
		<key>4D7DC8A119EFBBAA00D9294B</key>
		<dict>
			<key>fileRef</key>
			<string>4D7DC8A019EFBBAA00D9294B</string>
			<key>isa</key>
			<string>PBXBuildFile</string>
		</dict>
		<key>4D7DC8A819EFE8F000D9294B</key>
		<dict>
			<key>children</key>
			<array>
				<string>4D7DC8B619F1087C00D9294B</string>
			</array>
			<key>isa</key>
			<string>PBXGroup</string>
			<key>name</key>
			<string>Interfaces</string>
			<key>sourceTree</key>
			<string>&lt;group&gt;</string>
		</dict>
		<key>4D7DC8AB19F0FE7700D9294B</key>
		<dict>
			<key>children</key>
			<array>
				<string>4D7DC8AC19F0FE8300D9294B</string>
			</array>
			<key>isa</key>
			<string>PBXGroup</string>
			<key>name</key>
			<string>Libraries</string>
			<key>sourceTree</key>
			<string>&lt;group&gt;</string>
		</dict>
		<key>4D7DC8AC19F0FE8300D9294B</key>
		<dict>
			<key>children</key>
			<array>
				<string>4D7DC8AD19F0FE9D00D9294B</string>
				<string>4D7DC8AE19F0FE9D00D9294B</string>
			</array>
			<key>isa</key>
			<string>PBXGroup</string>
			<key>name</key>
			<string>MHSemiModal</string>
			<key>sourceTree</key>
			<string>&lt;group&gt;</string>
		</dict>
		<key>4D7DC8AD19F0FE9D00D9294B</key>
		<dict>
			<key>fileEncoding</key>
			<string>4</string>
			<key>isa</key>
			<string>PBXFileReference</string>
			<key>lastKnownFileType</key>
			<string>sourcecode.c.h</string>
			<key>path</key>
			<string>UIViewController+MHSemiModal.h</string>
			<key>sourceTree</key>
			<string>&lt;group&gt;</string>
		</dict>
		<key>4D7DC8AE19F0FE9D00D9294B</key>
		<dict>
			<key>fileEncoding</key>
			<string>4</string>
			<key>isa</key>
			<string>PBXFileReference</string>
			<key>lastKnownFileType</key>
			<string>sourcecode.c.objc</string>
			<key>path</key>
			<string>UIViewController+MHSemiModal.m</string>
			<key>sourceTree</key>
			<string>&lt;group&gt;</string>
		</dict>
		<key>4D7DC8AF19F0FE9D00D9294B</key>
		<dict>
			<key>fileRef</key>
			<string>4D7DC8AE19F0FE9D00D9294B</string>
			<key>isa</key>
			<string>PBXBuildFile</string>
		</dict>
		<key>4D7DC8B019F1055500D9294B</key>
		<dict>
			<key>isa</key>
			<string>PBXFileReference</string>
			<key>lastKnownFileType</key>
			<string>wrapper.framework</string>
			<key>name</key>
			<string>UIKit.framework</string>
			<key>path</key>
			<string>System/Library/Frameworks/UIKit.framework</string>
			<key>sourceTree</key>
			<string>SDKROOT</string>
		</dict>
		<key>4D7DC8B119F1055500D9294B</key>
		<dict>
			<key>fileRef</key>
			<string>4D7DC8B019F1055500D9294B</string>
			<key>isa</key>
			<string>PBXBuildFile</string>
		</dict>
		<key>4D7DC8B219F1056A00D9294B</key>
		<dict>
			<key>isa</key>
			<string>PBXFileReference</string>
			<key>lastKnownFileType</key>
			<string>wrapper.framework</string>
			<key>name</key>
			<string>CoreGraphics.framework</string>
			<key>path</key>
			<string>System/Library/Frameworks/CoreGraphics.framework</string>
			<key>sourceTree</key>
			<string>SDKROOT</string>
		</dict>
		<key>4D7DC8B319F1056A00D9294B</key>
		<dict>
			<key>fileRef</key>
			<string>4D7DC8B219F1056A00D9294B</string>
			<key>isa</key>
			<string>PBXBuildFile</string>
		</dict>
		<key>4D7DC8B619F1087C00D9294B</key>
		<dict>
			<key>fileEncoding</key>
			<string>4</string>
			<key>isa</key>
			<string>PBXFileReference</string>
			<key>lastKnownFileType</key>
			<string>file.xib</string>
			<key>path</key>
			<string>TagPickerViewController.xib</string>
			<key>sourceTree</key>
			<string>&lt;group&gt;</string>
		</dict>
		<key>4D7DC8B719F1087C00D9294B</key>
		<dict>
			<key>fileRef</key>
			<string>4D7DC8B619F1087C00D9294B</string>
			<key>isa</key>
			<string>PBXBuildFile</string>
		</dict>
		<key>4DDA7BB519E3B9CF0021DFFB</key>
		<dict>
			<key>children</key>
			<array>
				<string>4DDA7BC019E3B9CF0021DFFB</string>
				<string>4DDA7BDA19E3B9D00021DFFB</string>
				<string>4DDA7BBF19E3B9CF0021DFFB</string>
				<string>97C264B141CC6348FCF1CABA</string>
				<string>FB988D6C914EFCA97EE8B96B</string>
			</array>
			<key>isa</key>
			<string>PBXGroup</string>
			<key>sourceTree</key>
			<string>&lt;group&gt;</string>
		</dict>
		<key>4DDA7BB619E3B9CF0021DFFB</key>
		<dict>
			<key>attributes</key>
			<dict>
				<key>LastUpgradeCheck</key>
				<string>0600</string>
				<key>ORGANIZATIONNAME</key>
				<string>Aztec</string>
				<key>TargetAttributes</key>
				<dict>
					<key>4DDA7BBD19E3B9CF0021DFFB</key>
					<dict>
						<key>CreatedOnToolsVersion</key>
						<string>6.0.1</string>
					</dict>
					<key>4DDA7BD619E3B9D00021DFFB</key>
					<dict>
						<key>CreatedOnToolsVersion</key>
						<string>6.0.1</string>
						<key>TestTargetID</key>
						<string>4DDA7BBD19E3B9CF0021DFFB</string>
					</dict>
				</dict>
			</dict>
			<key>buildConfigurationList</key>
			<string>4DDA7BB919E3B9CF0021DFFB</string>
			<key>compatibilityVersion</key>
			<string>Xcode 3.2</string>
			<key>developmentRegion</key>
			<string>English</string>
			<key>hasScannedForEncodings</key>
			<string>0</string>
			<key>isa</key>
			<string>PBXProject</string>
			<key>knownRegions</key>
			<array>
				<string>en</string>
				<string>Base</string>
			</array>
			<key>mainGroup</key>
			<string>4DDA7BB519E3B9CF0021DFFB</string>
			<key>productRefGroup</key>
			<string>4DDA7BBF19E3B9CF0021DFFB</string>
			<key>projectDirPath</key>
			<string></string>
			<key>projectReferences</key>
			<array/>
			<key>projectRoot</key>
			<string></string>
			<key>targets</key>
			<array>
				<string>4DDA7BBD19E3B9CF0021DFFB</string>
				<string>4DDA7BD619E3B9D00021DFFB</string>
			</array>
		</dict>
		<key>4DDA7BB919E3B9CF0021DFFB</key>
		<dict>
			<key>buildConfigurations</key>
			<array>
				<string>4DDA7BDF19E3B9D00021DFFB</string>
				<string>4DDA7BE019E3B9D00021DFFB</string>
			</array>
			<key>defaultConfigurationIsVisible</key>
			<string>0</string>
			<key>defaultConfigurationName</key>
			<string>Release</string>
			<key>isa</key>
			<string>XCConfigurationList</string>
		</dict>
		<key>4DDA7BBA19E3B9CF0021DFFB</key>
		<dict>
			<key>buildActionMask</key>
			<string>2147483647</string>
			<key>files</key>
			<array>
				<string>4D7DC89E19EBF68D00D9294B</string>
				<string>4DDA7BCA19E3B9D00021DFFB</string>
				<string>4D7DC88D19E668ED00D9294B</string>
				<string>4DDA7BED19E3CD320021DFFB</string>
				<string>4DDA7BC719E3B9D00021DFFB</string>
				<string>4DDA7BC419E3B9D00021DFFB</string>
				<string>4D7DC89A19EBD44700D9294B</string>
				<string>4DDA7BF719E51E4E0021DFFB</string>
				<string>4D7DC89419EBCBDD00D9294B</string>
				<string>4D7DC8AF19F0FE9D00D9294B</string>
				<string>5901DC4921C126E1B945D2BA</string>
				<string>5901D72AA8A349B2C11902E9</string>
			</array>
			<key>isa</key>
			<string>PBXSourcesBuildPhase</string>
			<key>runOnlyForDeploymentPostprocessing</key>
			<string>0</string>
		</dict>
		<key>4DDA7BBB19E3B9CF0021DFFB</key>
		<dict>
			<key>buildActionMask</key>
			<string>2147483647</string>
			<key>files</key>
			<array>
				<string>4D7DC8B319F1056A00D9294B</string>
				<string>4D7DC8B119F1055500D9294B</string>
				<string>4D7DC8A119EFBBAA00D9294B</string>
				<string>205F61A30321B972285FF0E4</string>
			</array>
			<key>isa</key>
			<string>PBXFrameworksBuildPhase</string>
			<key>runOnlyForDeploymentPostprocessing</key>
			<string>0</string>
		</dict>
		<key>4DDA7BBC19E3B9CF0021DFFB</key>
		<dict>
			<key>buildActionMask</key>
			<string>2147483647</string>
			<key>files</key>
			<array>
				<string>4D7DC89219EBCBBA00D9294B</string>
				<string>4DDA7BCD19E3B9D00021DFFB</string>
				<string>4D7DC89619EBCE0A00D9294B</string>
				<string>4DDA7BD219E3B9D00021DFFB</string>
				<string>4DDA7BCF19E3B9D00021DFFB</string>
				<string>4D7DC8B719F1087C00D9294B</string>
			</array>
			<key>isa</key>
			<string>PBXResourcesBuildPhase</string>
			<key>runOnlyForDeploymentPostprocessing</key>
			<string>0</string>
		</dict>
		<key>4DDA7BBD19E3B9CF0021DFFB</key>
		<dict>
			<key>buildConfigurationList</key>
			<string>4DDA7BE119E3B9D00021DFFB</string>
			<key>buildPhases</key>
			<array>
				<string>D20EFA6CF0D4F1487B4D7F3A</string>
				<string>4DDA7BBA19E3B9CF0021DFFB</string>
				<string>4DDA7BBB19E3B9CF0021DFFB</string>
				<string>4DDA7BBC19E3B9CF0021DFFB</string>
				<string>FDD589F176C801838BF15237</string>
			</array>
			<key>buildRules</key>
			<array/>
			<key>dependencies</key>
			<array/>
			<key>isa</key>
			<string>PBXNativeTarget</string>
			<key>name</key>
			<string>StackOverflowQuestions</string>
			<key>productName</key>
			<string>StackOverflowQuestions</string>
			<key>productReference</key>
			<string>4DDA7BBE19E3B9CF0021DFFB</string>
			<key>productType</key>
			<string>com.apple.product-type.application</string>
		</dict>
		<key>4DDA7BBE19E3B9CF0021DFFB</key>
		<dict>
			<key>explicitFileType</key>
			<string>wrapper.application</string>
			<key>includeInIndex</key>
			<string>0</string>
			<key>isa</key>
			<string>PBXFileReference</string>
			<key>path</key>
			<string>StackOverflowQuestions.app</string>
			<key>sourceTree</key>
			<string>BUILT_PRODUCTS_DIR</string>
		</dict>
		<key>4DDA7BBF19E3B9CF0021DFFB</key>
		<dict>
			<key>children</key>
			<array>
				<string>4DDA7BBE19E3B9CF0021DFFB</string>
				<string>4DDA7BD719E3B9D00021DFFB</string>
			</array>
			<key>isa</key>
			<string>PBXGroup</string>
			<key>name</key>
			<string>Products</string>
			<key>sourceTree</key>
			<string>&lt;group&gt;</string>
		</dict>
		<key>4DDA7BC019E3B9CF0021DFFB</key>
		<dict>
			<key>children</key>
			<array>
				<string>4D7DC8AB19F0FE7700D9294B</string>
				<string>4D7DC89719EBD30000D9294B</string>
				<string>4DDA7BF219E406370021DFFB</string>
				<string>4DDA7BE919E3BEEE0021DFFB</string>
				<string>4DDA7BE819E3BEE70021DFFB</string>
				<string>4DDA7BE719E3BED00021DFFB</string>
				<string>4DDA7BC519E3B9D00021DFFB</string>
				<string>4DDA7BC619E3B9D00021DFFB</string>
				<string>4DDA7BC119E3B9CF0021DFFB</string>
			</array>
			<key>isa</key>
			<string>PBXGroup</string>
			<key>path</key>
			<string>StackOverflowQuestions</string>
			<key>sourceTree</key>
			<string>&lt;group&gt;</string>
		</dict>
		<key>4DDA7BC119E3B9CF0021DFFB</key>
		<dict>
			<key>children</key>
			<array>
				<string>4DDA7BC219E3B9CF0021DFFB</string>
				<string>4DDA7BC319E3B9D00021DFFB</string>
			</array>
			<key>isa</key>
			<string>PBXGroup</string>
			<key>name</key>
			<string>Supporting Files</string>
			<key>sourceTree</key>
			<string>&lt;group&gt;</string>
		</dict>
		<key>4DDA7BC219E3B9CF0021DFFB</key>
		<dict>
			<key>isa</key>
			<string>PBXFileReference</string>
			<key>lastKnownFileType</key>
			<string>text.plist.xml</string>
			<key>path</key>
			<string>Info.plist</string>
			<key>sourceTree</key>
			<string>&lt;group&gt;</string>
		</dict>
		<key>4DDA7BC319E3B9D00021DFFB</key>
		<dict>
			<key>isa</key>
			<string>PBXFileReference</string>
			<key>lastKnownFileType</key>
			<string>sourcecode.c.objc</string>
			<key>path</key>
			<string>main.m</string>
			<key>sourceTree</key>
			<string>&lt;group&gt;</string>
		</dict>
		<key>4DDA7BC419E3B9D00021DFFB</key>
		<dict>
			<key>fileRef</key>
			<string>4DDA7BC319E3B9D00021DFFB</string>
			<key>isa</key>
			<string>PBXBuildFile</string>
		</dict>
		<key>4DDA7BC519E3B9D00021DFFB</key>
		<dict>
			<key>isa</key>
			<string>PBXFileReference</string>
			<key>lastKnownFileType</key>
			<string>sourcecode.c.h</string>
			<key>path</key>
			<string>AppDelegate.h</string>
			<key>sourceTree</key>
			<string>&lt;group&gt;</string>
		</dict>
		<key>4DDA7BC619E3B9D00021DFFB</key>
		<dict>
			<key>isa</key>
			<string>PBXFileReference</string>
			<key>lastKnownFileType</key>
			<string>sourcecode.c.objc</string>
			<key>path</key>
			<string>AppDelegate.m</string>
			<key>sourceTree</key>
			<string>&lt;group&gt;</string>
		</dict>
		<key>4DDA7BC719E3B9D00021DFFB</key>
		<dict>
			<key>fileRef</key>
			<string>4DDA7BC619E3B9D00021DFFB</string>
			<key>isa</key>
			<string>PBXBuildFile</string>
		</dict>
		<key>4DDA7BC819E3B9D00021DFFB</key>
		<dict>
			<key>isa</key>
			<string>PBXFileReference</string>
			<key>lastKnownFileType</key>
			<string>sourcecode.c.h</string>
			<key>path</key>
			<string>QuestionsTableViewController.h</string>
			<key>sourceTree</key>
			<string>&lt;group&gt;</string>
		</dict>
		<key>4DDA7BC919E3B9D00021DFFB</key>
		<dict>
			<key>isa</key>
			<string>PBXFileReference</string>
			<key>lastKnownFileType</key>
			<string>sourcecode.c.objc</string>
			<key>path</key>
			<string>QuestionsTableViewController.m</string>
			<key>sourceTree</key>
			<string>&lt;group&gt;</string>
		</dict>
		<key>4DDA7BCA19E3B9D00021DFFB</key>
		<dict>
			<key>fileRef</key>
			<string>4DDA7BC919E3B9D00021DFFB</string>
			<key>isa</key>
			<string>PBXBuildFile</string>
		</dict>
		<key>4DDA7BCB19E3B9D00021DFFB</key>
		<dict>
			<key>children</key>
			<array>
				<string>4DDA7BCC19E3B9D00021DFFB</string>
			</array>
			<key>isa</key>
			<string>PBXVariantGroup</string>
			<key>name</key>
			<string>Main.storyboard</string>
			<key>path</key>
			<string>Views</string>
			<key>sourceTree</key>
			<string>&lt;group&gt;</string>
		</dict>
		<key>4DDA7BCC19E3B9D00021DFFB</key>
		<dict>
			<key>isa</key>
			<string>PBXFileReference</string>
			<key>lastKnownFileType</key>
			<string>file.storyboard</string>
			<key>name</key>
			<string>Base</string>
			<key>path</key>
			<string>Base.lproj/Main.storyboard</string>
			<key>sourceTree</key>
			<string>&lt;group&gt;</string>
		</dict>
		<key>4DDA7BCD19E3B9D00021DFFB</key>
		<dict>
			<key>fileRef</key>
			<string>4DDA7BCB19E3B9D00021DFFB</string>
			<key>isa</key>
			<string>PBXBuildFile</string>
		</dict>
		<key>4DDA7BCE19E3B9D00021DFFB</key>
		<dict>
			<key>isa</key>
			<string>PBXFileReference</string>
			<key>lastKnownFileType</key>
			<string>folder.assetcatalog</string>
			<key>path</key>
			<string>Images.xcassets</string>
			<key>sourceTree</key>
			<string>&lt;group&gt;</string>
		</dict>
		<key>4DDA7BCF19E3B9D00021DFFB</key>
		<dict>
			<key>fileRef</key>
			<string>4DDA7BCE19E3B9D00021DFFB</string>
			<key>isa</key>
			<string>PBXBuildFile</string>
		</dict>
		<key>4DDA7BD019E3B9D00021DFFB</key>
		<dict>
			<key>children</key>
			<array>
				<string>4DDA7BD119E3B9D00021DFFB</string>
			</array>
			<key>isa</key>
			<string>PBXVariantGroup</string>
			<key>name</key>
			<string>LaunchScreen.xib</string>
			<key>path</key>
			<string>Views</string>
			<key>sourceTree</key>
			<string>&lt;group&gt;</string>
		</dict>
		<key>4DDA7BD119E3B9D00021DFFB</key>
		<dict>
			<key>isa</key>
			<string>PBXFileReference</string>
			<key>lastKnownFileType</key>
			<string>file.xib</string>
			<key>name</key>
			<string>Base</string>
			<key>path</key>
			<string>Base.lproj/LaunchScreen.xib</string>
			<key>sourceTree</key>
			<string>&lt;group&gt;</string>
		</dict>
		<key>4DDA7BD219E3B9D00021DFFB</key>
		<dict>
			<key>fileRef</key>
			<string>4DDA7BD019E3B9D00021DFFB</string>
			<key>isa</key>
			<string>PBXBuildFile</string>
		</dict>
		<key>4DDA7BD319E3B9D00021DFFB</key>
		<dict>
			<key>buildActionMask</key>
			<string>2147483647</string>
			<key>files</key>
			<array>
				<string>4DDA7BDE19E3B9D00021DFFB</string>
			</array>
			<key>isa</key>
			<string>PBXSourcesBuildPhase</string>
			<key>runOnlyForDeploymentPostprocessing</key>
			<string>0</string>
		</dict>
		<key>4DDA7BD419E3B9D00021DFFB</key>
		<dict>
			<key>buildActionMask</key>
			<string>2147483647</string>
			<key>files</key>
			<array/>
			<key>isa</key>
			<string>PBXFrameworksBuildPhase</string>
			<key>runOnlyForDeploymentPostprocessing</key>
			<string>0</string>
		</dict>
		<key>4DDA7BD519E3B9D00021DFFB</key>
		<dict>
			<key>buildActionMask</key>
			<string>2147483647</string>
			<key>files</key>
			<array/>
			<key>isa</key>
			<string>PBXResourcesBuildPhase</string>
			<key>runOnlyForDeploymentPostprocessing</key>
			<string>0</string>
		</dict>
		<key>4DDA7BD619E3B9D00021DFFB</key>
		<dict>
			<key>buildConfigurationList</key>
			<string>4DDA7BE419E3B9D00021DFFB</string>
			<key>buildPhases</key>
			<array>
				<string>4DDA7BD319E3B9D00021DFFB</string>
				<string>4DDA7BD419E3B9D00021DFFB</string>
				<string>4DDA7BD519E3B9D00021DFFB</string>
			</array>
			<key>buildRules</key>
			<array/>
			<key>dependencies</key>
			<array>
				<string>4DDA7BD919E3B9D00021DFFB</string>
			</array>
			<key>isa</key>
			<string>PBXNativeTarget</string>
			<key>name</key>
			<string>StackOverflowQuestionsTests</string>
			<key>productName</key>
			<string>StackOverflowQuestionsTests</string>
			<key>productReference</key>
			<string>4DDA7BD719E3B9D00021DFFB</string>
			<key>productType</key>
			<string>com.apple.product-type.bundle.unit-test</string>
		</dict>
		<key>4DDA7BD719E3B9D00021DFFB</key>
		<dict>
			<key>explicitFileType</key>
			<string>wrapper.cfbundle</string>
			<key>includeInIndex</key>
			<string>0</string>
			<key>isa</key>
			<string>PBXFileReference</string>
			<key>path</key>
			<string>StackOverflowQuestionsTests.xctest</string>
			<key>sourceTree</key>
			<string>BUILT_PRODUCTS_DIR</string>
		</dict>
		<key>4DDA7BD819E3B9D00021DFFB</key>
		<dict>
			<key>containerPortal</key>
			<string>4DDA7BB619E3B9CF0021DFFB</string>
			<key>isa</key>
			<string>PBXContainerItemProxy</string>
			<key>proxyType</key>
			<string>1</string>
			<key>remoteGlobalIDString</key>
			<string>4DDA7BBD19E3B9CF0021DFFB</string>
			<key>remoteInfo</key>
			<string>StackOverflowQuestions</string>
		</dict>
		<key>4DDA7BD919E3B9D00021DFFB</key>
		<dict>
			<key>isa</key>
			<string>PBXTargetDependency</string>
			<key>target</key>
			<string>4DDA7BBD19E3B9CF0021DFFB</string>
			<key>targetProxy</key>
			<string>4DDA7BD819E3B9D00021DFFB</string>
		</dict>
		<key>4DDA7BDA19E3B9D00021DFFB</key>
		<dict>
			<key>children</key>
			<array>
				<string>4DDA7BDD19E3B9D00021DFFB</string>
				<string>4DDA7BDB19E3B9D00021DFFB</string>
			</array>
			<key>isa</key>
			<string>PBXGroup</string>
			<key>path</key>
			<string>StackOverflowQuestionsTests</string>
			<key>sourceTree</key>
			<string>&lt;group&gt;</string>
		</dict>
		<key>4DDA7BDB19E3B9D00021DFFB</key>
		<dict>
			<key>children</key>
			<array>
				<string>4DDA7BDC19E3B9D00021DFFB</string>
			</array>
			<key>isa</key>
			<string>PBXGroup</string>
			<key>name</key>
			<string>Supporting Files</string>
			<key>sourceTree</key>
			<string>&lt;group&gt;</string>
		</dict>
		<key>4DDA7BDC19E3B9D00021DFFB</key>
		<dict>
			<key>isa</key>
			<string>PBXFileReference</string>
			<key>lastKnownFileType</key>
			<string>text.plist.xml</string>
			<key>path</key>
			<string>Info.plist</string>
			<key>sourceTree</key>
			<string>&lt;group&gt;</string>
		</dict>
		<key>4DDA7BDD19E3B9D00021DFFB</key>
		<dict>
			<key>isa</key>
			<string>PBXFileReference</string>
			<key>lastKnownFileType</key>
			<string>sourcecode.c.objc</string>
			<key>path</key>
			<string>StackOverflowQuestionsTests.m</string>
			<key>sourceTree</key>
			<string>&lt;group&gt;</string>
		</dict>
		<key>4DDA7BDE19E3B9D00021DFFB</key>
		<dict>
			<key>fileRef</key>
			<string>4DDA7BDD19E3B9D00021DFFB</string>
			<key>isa</key>
			<string>PBXBuildFile</string>
		</dict>
		<key>4DDA7BDF19E3B9D00021DFFB</key>
		<dict>
			<key>buildSettings</key>
			<dict>
				<key>ALWAYS_SEARCH_USER_PATHS</key>
				<string>NO</string>
				<key>CLANG_CXX_LANGUAGE_STANDARD</key>
				<string>gnu++0x</string>
				<key>CLANG_CXX_LIBRARY</key>
				<string>libc++</string>
				<key>CLANG_ENABLE_MODULES</key>
				<string>YES</string>
				<key>CLANG_ENABLE_OBJC_ARC</key>
				<string>YES</string>
				<key>CLANG_WARN_BOOL_CONVERSION</key>
				<string>YES</string>
				<key>CLANG_WARN_CONSTANT_CONVERSION</key>
				<string>YES</string>
				<key>CLANG_WARN_DIRECT_OBJC_ISA_USAGE</key>
				<string>YES_ERROR</string>
				<key>CLANG_WARN_EMPTY_BODY</key>
				<string>YES</string>
				<key>CLANG_WARN_ENUM_CONVERSION</key>
				<string>YES</string>
				<key>CLANG_WARN_INT_CONVERSION</key>
				<string>YES</string>
				<key>CLANG_WARN_OBJC_ROOT_CLASS</key>
				<string>YES_ERROR</string>
				<key>CLANG_WARN_UNREACHABLE_CODE</key>
				<string>YES</string>
				<key>CLANG_WARN__DUPLICATE_METHOD_MATCH</key>
				<string>YES</string>
				<key>CODE_SIGN_IDENTITY[sdk=iphoneos*]</key>
				<string>iPhone Developer</string>
				<key>COPY_PHASE_STRIP</key>
				<string>NO</string>
				<key>ENABLE_STRICT_OBJC_MSGSEND</key>
				<string>YES</string>
				<key>GCC_C_LANGUAGE_STANDARD</key>
				<string>gnu99</string>
				<key>GCC_DYNAMIC_NO_PIC</key>
				<string>NO</string>
				<key>GCC_OPTIMIZATION_LEVEL</key>
				<string>0</string>
				<key>GCC_PREPROCESSOR_DEFINITIONS</key>
				<array>
					<string>DEBUG=1</string>
					<string>$(inherited)</string>
				</array>
				<key>GCC_SYMBOLS_PRIVATE_EXTERN</key>
				<string>NO</string>
				<key>GCC_WARN_64_TO_32_BIT_CONVERSION</key>
				<string>YES</string>
				<key>GCC_WARN_ABOUT_RETURN_TYPE</key>
				<string>YES_ERROR</string>
				<key>GCC_WARN_UNDECLARED_SELECTOR</key>
				<string>YES</string>
				<key>GCC_WARN_UNINITIALIZED_AUTOS</key>
				<string>YES_AGGRESSIVE</string>
				<key>GCC_WARN_UNUSED_FUNCTION</key>
				<string>YES</string>
				<key>GCC_WARN_UNUSED_VARIABLE</key>
				<string>YES</string>
				<key>IPHONEOS_DEPLOYMENT_TARGET</key>
				<string>8.0</string>
				<key>MTL_ENABLE_DEBUG_INFO</key>
				<string>YES</string>
				<key>ONLY_ACTIVE_ARCH</key>
				<string>YES</string>
				<key>SDKROOT</key>
				<string>iphoneos</string>
			</dict>
			<key>isa</key>
			<string>XCBuildConfiguration</string>
			<key>name</key>
			<string>Debug</string>
		</dict>
		<key>4DDA7BE019E3B9D00021DFFB</key>
		<dict>
			<key>buildSettings</key>
			<dict>
				<key>ALWAYS_SEARCH_USER_PATHS</key>
				<string>NO</string>
				<key>CLANG_CXX_LANGUAGE_STANDARD</key>
				<string>gnu++0x</string>
				<key>CLANG_CXX_LIBRARY</key>
				<string>libc++</string>
				<key>CLANG_ENABLE_MODULES</key>
				<string>YES</string>
				<key>CLANG_ENABLE_OBJC_ARC</key>
				<string>YES</string>
				<key>CLANG_WARN_BOOL_CONVERSION</key>
				<string>YES</string>
				<key>CLANG_WARN_CONSTANT_CONVERSION</key>
				<string>YES</string>
				<key>CLANG_WARN_DIRECT_OBJC_ISA_USAGE</key>
				<string>YES_ERROR</string>
				<key>CLANG_WARN_EMPTY_BODY</key>
				<string>YES</string>
				<key>CLANG_WARN_ENUM_CONVERSION</key>
				<string>YES</string>
				<key>CLANG_WARN_INT_CONVERSION</key>
				<string>YES</string>
				<key>CLANG_WARN_OBJC_ROOT_CLASS</key>
				<string>YES_ERROR</string>
				<key>CLANG_WARN_UNREACHABLE_CODE</key>
				<string>YES</string>
				<key>CLANG_WARN__DUPLICATE_METHOD_MATCH</key>
				<string>YES</string>
				<key>CODE_SIGN_IDENTITY[sdk=iphoneos*]</key>
				<string>iPhone Developer</string>
				<key>COPY_PHASE_STRIP</key>
				<string>YES</string>
				<key>ENABLE_NS_ASSERTIONS</key>
				<string>NO</string>
				<key>ENABLE_STRICT_OBJC_MSGSEND</key>
				<string>YES</string>
				<key>GCC_C_LANGUAGE_STANDARD</key>
				<string>gnu99</string>
				<key>GCC_WARN_64_TO_32_BIT_CONVERSION</key>
				<string>YES</string>
				<key>GCC_WARN_ABOUT_RETURN_TYPE</key>
				<string>YES_ERROR</string>
				<key>GCC_WARN_UNDECLARED_SELECTOR</key>
				<string>YES</string>
				<key>GCC_WARN_UNINITIALIZED_AUTOS</key>
				<string>YES_AGGRESSIVE</string>
				<key>GCC_WARN_UNUSED_FUNCTION</key>
				<string>YES</string>
				<key>GCC_WARN_UNUSED_VARIABLE</key>
				<string>YES</string>
				<key>IPHONEOS_DEPLOYMENT_TARGET</key>
				<string>8.0</string>
				<key>MTL_ENABLE_DEBUG_INFO</key>
				<string>NO</string>
				<key>SDKROOT</key>
				<string>iphoneos</string>
				<key>VALIDATE_PRODUCT</key>
				<string>YES</string>
			</dict>
			<key>isa</key>
			<string>XCBuildConfiguration</string>
			<key>name</key>
			<string>Release</string>
		</dict>
		<key>4DDA7BE119E3B9D00021DFFB</key>
		<dict>
			<key>buildConfigurations</key>
			<array>
				<string>4DDA7BE219E3B9D00021DFFB</string>
				<string>4DDA7BE319E3B9D00021DFFB</string>
			</array>
			<key>defaultConfigurationIsVisible</key>
			<string>0</string>
			<key>defaultConfigurationName</key>
			<string>Release</string>
			<key>isa</key>
			<string>XCConfigurationList</string>
		</dict>
		<key>4DDA7BE219E3B9D00021DFFB</key>
		<dict>
			<key>baseConfigurationReference</key>
			<string>B550769617CD92B6AA96C123</string>
			<key>buildSettings</key>
			<dict>
				<key>ASSETCATALOG_COMPILER_APPICON_NAME</key>
				<string>AppIcon</string>
				<key>INFOPLIST_FILE</key>
				<string>StackOverflowQuestions/Info.plist</string>
				<key>IPHONEOS_DEPLOYMENT_TARGET</key>
				<string>6.1</string>
				<key>LD_RUNPATH_SEARCH_PATHS</key>
				<string>$(inherited) @executable_path/Frameworks</string>
				<key>PRODUCT_NAME</key>
				<string>$(TARGET_NAME)</string>
			</dict>
			<key>isa</key>
			<string>XCBuildConfiguration</string>
			<key>name</key>
			<string>Debug</string>
		</dict>
		<key>4DDA7BE319E3B9D00021DFFB</key>
		<dict>
			<key>baseConfigurationReference</key>
			<string>73E82169FEC35BAF58ECF7CD</string>
			<key>buildSettings</key>
			<dict>
				<key>ASSETCATALOG_COMPILER_APPICON_NAME</key>
				<string>AppIcon</string>
				<key>INFOPLIST_FILE</key>
				<string>StackOverflowQuestions/Info.plist</string>
				<key>IPHONEOS_DEPLOYMENT_TARGET</key>
				<string>6.1</string>
				<key>LD_RUNPATH_SEARCH_PATHS</key>
				<string>$(inherited) @executable_path/Frameworks</string>
				<key>PRODUCT_NAME</key>
				<string>$(TARGET_NAME)</string>
			</dict>
			<key>isa</key>
			<string>XCBuildConfiguration</string>
			<key>name</key>
			<string>Release</string>
		</dict>
		<key>4DDA7BE419E3B9D00021DFFB</key>
		<dict>
			<key>buildConfigurations</key>
			<array>
				<string>4DDA7BE519E3B9D00021DFFB</string>
				<string>4DDA7BE619E3B9D00021DFFB</string>
			</array>
			<key>defaultConfigurationIsVisible</key>
			<string>0</string>
			<key>defaultConfigurationName</key>
			<string>Release</string>
			<key>isa</key>
			<string>XCConfigurationList</string>
		</dict>
		<key>4DDA7BE519E3B9D00021DFFB</key>
		<dict>
			<key>buildSettings</key>
			<dict>
				<key>BUNDLE_LOADER</key>
				<string>$(TEST_HOST)</string>
				<key>FRAMEWORK_SEARCH_PATHS</key>
				<array>
					<string>$(SDKROOT)/Developer/Library/Frameworks</string>
					<string>$(inherited)</string>
				</array>
				<key>GCC_PREPROCESSOR_DEFINITIONS</key>
				<array>
					<string>DEBUG=1</string>
					<string>$(inherited)</string>
				</array>
				<key>INFOPLIST_FILE</key>
				<string>StackOverflowQuestionsTests/Info.plist</string>
				<key>LD_RUNPATH_SEARCH_PATHS</key>
				<string>$(inherited) @executable_path/Frameworks @loader_path/Frameworks</string>
				<key>PRODUCT_NAME</key>
				<string>$(TARGET_NAME)</string>
				<key>TEST_HOST</key>
				<string>$(BUILT_PRODUCTS_DIR)/StackOverflowQuestions.app/StackOverflowQuestions</string>
			</dict>
			<key>isa</key>
			<string>XCBuildConfiguration</string>
			<key>name</key>
			<string>Debug</string>
		</dict>
		<key>4DDA7BE619E3B9D00021DFFB</key>
		<dict>
			<key>buildSettings</key>
			<dict>
				<key>BUNDLE_LOADER</key>
				<string>$(TEST_HOST)</string>
				<key>FRAMEWORK_SEARCH_PATHS</key>
				<array>
					<string>$(SDKROOT)/Developer/Library/Frameworks</string>
					<string>$(inherited)</string>
				</array>
				<key>INFOPLIST_FILE</key>
				<string>StackOverflowQuestionsTests/Info.plist</string>
				<key>LD_RUNPATH_SEARCH_PATHS</key>
				<string>$(inherited) @executable_path/Frameworks @loader_path/Frameworks</string>
				<key>PRODUCT_NAME</key>
				<string>$(TARGET_NAME)</string>
				<key>TEST_HOST</key>
				<string>$(BUILT_PRODUCTS_DIR)/StackOverflowQuestions.app/StackOverflowQuestions</string>
			</dict>
			<key>isa</key>
			<string>XCBuildConfiguration</string>
			<key>name</key>
			<string>Release</string>
		</dict>
		<key>4DDA7BE719E3BED00021DFFB</key>
		<dict>
			<key>children</key>
			<array>
				<string>4D7DC88919E6689300D9294B</string>
				<string>4DDA7BEA19E3C44D0021DFFB</string>
			</array>
			<key>isa</key>
			<string>PBXGroup</string>
			<key>name</key>
			<string>Models</string>
			<key>sourceTree</key>
			<string>&lt;group&gt;</string>
		</dict>
		<key>4DDA7BE819E3BEE70021DFFB</key>
		<dict>
			<key>children</key>
			<array>
				<string>4DDA7BC819E3B9D00021DFFB</string>
				<string>4DDA7BC919E3B9D00021DFFB</string>
				<string>4DDA7BF419E51E4E0021DFFB</string>
				<string>4DDA7BF519E51E4E0021DFFB</string>
				<string>4D7DC89C19EBF68D00D9294B</string>
				<string>4D7DC89D19EBF68D00D9294B</string>
			</array>
			<key>isa</key>
			<string>PBXGroup</string>
			<key>path</key>
			<string>Controllers</string>
			<key>sourceTree</key>
			<string>&lt;group&gt;</string>
		</dict>
		<key>4DDA7BE919E3BEEE0021DFFB</key>
		<dict>
			<key>children</key>
			<array>
				<string>4DDA7BCB19E3B9D00021DFFB</string>
				<string>4DDA7BD019E3B9D00021DFFB</string>
			</array>
			<key>isa</key>
			<string>PBXGroup</string>
			<key>name</key>
			<string>Views</string>
			<key>sourceTree</key>
			<string>&lt;group&gt;</string>
		</dict>
		<key>4DDA7BEA19E3C44D0021DFFB</key>
		<dict>
			<key>children</key>
			<array>
				<string>4DDA7BF119E3D67F0021DFFB</string>
				<string>4DDA7BEC19E3CD320021DFFB</string>
			</array>
			<key>isa</key>
			<string>PBXGroup</string>
			<key>name</key>
			<string>API</string>
			<key>sourceTree</key>
			<string>&lt;group&gt;</string>
		</dict>
		<key>4DDA7BEC19E3CD320021DFFB</key>
		<dict>
			<key>fileEncoding</key>
			<string>4</string>
			<key>isa</key>
			<string>PBXFileReference</string>
			<key>lastKnownFileType</key>
			<string>sourcecode.c.objc</string>
			<key>name</key>
			<string>StackOverflowAPI.m</string>
			<key>path</key>
			<string>Models/API/StackOverflowAPI.m</string>
			<key>sourceTree</key>
			<string>&lt;group&gt;</string>
		</dict>
		<key>4DDA7BED19E3CD320021DFFB</key>
		<dict>
			<key>fileRef</key>
			<string>4DDA7BEC19E3CD320021DFFB</string>
			<key>isa</key>
			<string>PBXBuildFile</string>
		</dict>
		<key>4DDA7BF119E3D67F0021DFFB</key>
		<dict>
			<key>isa</key>
			<string>PBXFileReference</string>
			<key>lastKnownFileType</key>
			<string>sourcecode.c.h</string>
			<key>name</key>
			<string>StackOverflowAPI.h</string>
			<key>path</key>
			<string>Models/API/StackOverflowAPI.h</string>
			<key>sourceTree</key>
			<string>&lt;group&gt;</string>
		</dict>
		<key>4DDA7BF219E406370021DFFB</key>
		<dict>
			<key>children</key>
			<array>
				<string>4D7DC8A819EFE8F000D9294B</string>
				<string>4D7DC89519EBCE0A00D9294B</string>
				<string>4DDA7BCE19E3B9D00021DFFB</string>
			</array>
			<key>isa</key>
			<string>PBXGroup</string>
			<key>name</key>
			<string>Resources</string>
			<key>sourceTree</key>
			<string>&lt;group&gt;</string>
		</dict>
		<key>4DDA7BF419E51E4E0021DFFB</key>
		<dict>
			<key>fileEncoding</key>
			<string>4</string>
			<key>isa</key>
			<string>PBXFileReference</string>
			<key>lastKnownFileType</key>
			<string>sourcecode.c.h</string>
			<key>path</key>
			<string>QuestionProfileViewController.h</string>
			<key>sourceTree</key>
			<string>&lt;group&gt;</string>
		</dict>
		<key>4DDA7BF519E51E4E0021DFFB</key>
		<dict>
			<key>fileEncoding</key>
			<string>4</string>
			<key>isa</key>
			<string>PBXFileReference</string>
			<key>lastKnownFileType</key>
			<string>sourcecode.c.objc</string>
			<key>path</key>
			<string>QuestionProfileViewController.m</string>
			<key>sourceTree</key>
			<string>&lt;group&gt;</string>
		</dict>
		<key>4DDA7BF719E51E4E0021DFFB</key>
		<dict>
			<key>fileRef</key>
			<string>4DDA7BF519E51E4E0021DFFB</string>
			<key>isa</key>
			<string>PBXBuildFile</string>
		</dict>
		<key>5901D04EE6A938402C29581E</key>
		<dict>
			<key>fileEncoding</key>
			<string>4</string>
			<key>isa</key>
			<string>PBXFileReference</string>
			<key>lastKnownFileType</key>
			<string>sourcecode.c.h</string>
			<key>name</key>
			<string>NSURL+PathParameters.h</string>
			<key>path</key>
			<string>Stubs/Foundation/NSURL+PathParameters.h</string>
			<key>sourceTree</key>
			<string>&lt;group&gt;</string>
		</dict>
		<key>5901D2DD81C78A8972869BCE</key>
		<dict>
			<key>fileEncoding</key>
			<string>4</string>
			<key>isa</key>
			<string>PBXFileReference</string>
			<key>lastKnownFileType</key>
			<string>sourcecode.c.objc</string>
			<key>name</key>
			<string>NSURL+PathParameters.m</string>
			<key>path</key>
			<string>Stubs/Foundation/NSURL+PathParameters.m</string>
			<key>sourceTree</key>
			<string>&lt;group&gt;</string>
		</dict>
		<key>5901D72AA8A349B2C11902E9</key>
		<dict>
			<key>fileRef</key>
			<string>5901D2DD81C78A8972869BCE</string>
			<key>isa</key>
			<string>PBXBuildFile</string>
		</dict>
		<key>5901D7C83AF7431036057F50</key>
		<dict>
			<key>fileEncoding</key>
			<string>4</string>
			<key>isa</key>
			<string>PBXFileReference</string>
			<key>lastKnownFileType</key>
			<string>sourcecode.c.h</string>
			<key>name</key>
			<string>NSDictionary+Merge.h</string>
			<key>path</key>
			<string>Stubs/Foundation/NSDictionary+Merge.h</string>
			<key>sourceTree</key>
			<string>&lt;group&gt;</string>
		</dict>
		<key>5901DB30E02DC7D74A432063</key>
		<dict>
			<key>fileEncoding</key>
			<string>4</string>
			<key>isa</key>
			<string>PBXFileReference</string>
			<key>lastKnownFileType</key>
			<string>sourcecode.c.objc</string>
			<key>name</key>
			<string>NSDictionary+Merge.m</string>
			<key>path</key>
			<string>Stubs/Foundation/NSDictionary+Merge.m</string>
			<key>sourceTree</key>
			<string>&lt;group&gt;</string>
		</dict>
		<key>5901DC4921C126E1B945D2BA</key>
		<dict>
			<key>fileRef</key>
			<string>5901DB30E02DC7D74A432063</string>
			<key>isa</key>
			<string>PBXBuildFile</string>
		</dict>
		<key>73E82169FEC35BAF58ECF7CD</key>
		<dict>
			<key>includeInIndex</key>
			<string>1</string>
			<key>isa</key>
			<string>PBXFileReference</string>
			<key>lastKnownFileType</key>
			<string>text.xcconfig</string>
			<key>name</key>
			<string>Pods.release.xcconfig</string>
			<key>path</key>
			<string>Pods/Target Support Files/Pods/Pods.release.xcconfig</string>
			<key>sourceTree</key>
			<string>&lt;group&gt;</string>
		</dict>
		<key>97C264B141CC6348FCF1CABA</key>
		<dict>
			<key>children</key>
			<array>
				<string>B550769617CD92B6AA96C123</string>
				<string>73E82169FEC35BAF58ECF7CD</string>
			</array>
			<key>isa</key>
			<string>PBXGroup</string>
			<key>name</key>
			<string>Pods</string>
			<key>sourceTree</key>
			<string>&lt;group&gt;</string>
		</dict>
		<key>9F984BD706DBA301702C1C5B</key>
		<dict>
			<key>explicitFileType</key>
			<string>archive.ar</string>
			<key>includeInIndex</key>
			<string>0</string>
			<key>isa</key>
			<string>PBXFileReference</string>
			<key>path</key>
			<string>libPods.a</string>
			<key>sourceTree</key>
			<string>BUILT_PRODUCTS_DIR</string>
		</dict>
		<key>B550769617CD92B6AA96C123</key>
		<dict>
			<key>includeInIndex</key>
			<string>1</string>
			<key>isa</key>
			<string>PBXFileReference</string>
			<key>lastKnownFileType</key>
			<string>text.xcconfig</string>
			<key>name</key>
			<string>Pods.debug.xcconfig</string>
			<key>path</key>
			<string>Pods/Target Support Files/Pods/Pods.debug.xcconfig</string>
			<key>sourceTree</key>
			<string>&lt;group&gt;</string>
		</dict>
		<key>D20EFA6CF0D4F1487B4D7F3A</key>
		<dict>
			<key>buildActionMask</key>
			<string>2147483647</string>
			<key>files</key>
			<array/>
			<key>inputPaths</key>
			<array/>
			<key>isa</key>
			<string>PBXShellScriptBuildPhase</string>
			<key>name</key>
			<string>Check Pods Manifest.lock</string>
			<key>outputPaths</key>
			<array/>
			<key>runOnlyForDeploymentPostprocessing</key>
			<string>0</string>
			<key>shellPath</key>
			<string>/bin/sh</string>
			<key>shellScript</key>
			<string>diff "${PODS_ROOT}/../Podfile.lock" "${PODS_ROOT}/Manifest.lock" &gt; /dev/null
if [[ $? != 0 ]] ; then
    cat &lt;&lt; EOM
error: The sandbox is not in sync with the Podfile.lock. Run 'pod install' or update your CocoaPods installation.
EOM
    exit 1
fi
</string>
			<key>showEnvVarsInLog</key>
			<string>0</string>
		</dict>
		<key>FB988D6C914EFCA97EE8B96B</key>
		<dict>
			<key>children</key>
			<array>
				<string>4D7DC8B219F1056A00D9294B</string>
				<string>4D7DC8B019F1055500D9294B</string>
				<string>4D7DC8A019EFBBAA00D9294B</string>
				<string>9F984BD706DBA301702C1C5B</string>
			</array>
			<key>isa</key>
			<string>PBXGroup</string>
			<key>name</key>
			<string>Frameworks</string>
			<key>sourceTree</key>
			<string>&lt;group&gt;</string>
		</dict>
		<key>FDD589F176C801838BF15237</key>
		<dict>
			<key>buildActionMask</key>
			<string>2147483647</string>
			<key>files</key>
			<array/>
			<key>inputPaths</key>
			<array/>
			<key>isa</key>
			<string>PBXShellScriptBuildPhase</string>
			<key>name</key>
			<string>Copy Pods Resources</string>
			<key>outputPaths</key>
			<array/>
			<key>runOnlyForDeploymentPostprocessing</key>
			<string>0</string>
			<key>shellPath</key>
			<string>/bin/sh</string>
			<key>shellScript</key>
			<string>"${SRCROOT}/Pods/Target Support Files/Pods/Pods-resources.sh"
</string>
			<key>showEnvVarsInLog</key>
			<string>0</string>
		</dict>
	</dict>
	<key>rootObject</key>
	<string>4DDA7BB619E3B9CF0021DFFB</string>
</dict>
</plist>
