// !$*UTF8*$!
{
	archiveVersion = 1;
	classes = {
	};
	objectVersion = 46;
	objects = {

/* Begin PBXBuildFile section */
		205F61A30321B972285FF0E4 /* libPods.a in Frameworks */ = {isa = PBXBuildFile; fileRef = 9F984BD706DBA301702C1C5B /* libPods.a */; };
		4D66F20919FF73AC00E9F86A /* VKontakteActivity.m in Sources */ = {isa = PBXBuildFile; fileRef = 4D66F20819FF73AC00E9F86A /* VKontakteActivity.m */; };
		4D66F21019FF80E700E9F86A /* vk_activity_ios8.png in Resources */ = {isa = PBXBuildFile; fileRef = 4D66F20C19FF80E700E9F86A /* vk_activity_ios8.png */; };
		4D66F21119FF80E700E9F86A /* vk_activity_ios8@2x.png in Resources */ = {isa = PBXBuildFile; fileRef = 4D66F20D19FF80E700E9F86A /* vk_activity_ios8@2x.png */; };
		4D66F21219FF80E700E9F86A /* vk_activity.png in Resources */ = {isa = PBXBuildFile; fileRef = 4D66F20E19FF80E700E9F86A /* vk_activity.png */; };
		4D66F21319FF80E700E9F86A /* vk_activity@2x.png in Resources */ = {isa = PBXBuildFile; fileRef = 4D66F20F19FF80E700E9F86A /* vk_activity@2x.png */; };
		4D670EA619F51851004E54CE /* UITextView+Additions.m in Sources */ = {isa = PBXBuildFile; fileRef = 4D670EA519F51851004E54CE /* UITextView+Additions.m */; };
		4D670EAC19F68053004E54CE /* NSCachedURLResponse+Expiration.m in Sources */ = {isa = PBXBuildFile; fileRef = 4D670EAB19F68053004E54CE /* NSCachedURLResponse+Expiration.m */; };
		4D670EB019FA355A004E54CE /* SettingsController.m in Sources */ = {isa = PBXBuildFile; fileRef = 4D670EAF19FA355A004E54CE /* SettingsController.m */; };
		4D670EB419FA3C94004E54CE /* UserSettings.m in Sources */ = {isa = PBXBuildFile; fileRef = 4D670EB319FA3C94004E54CE /* UserSettings.m */; };
		4D7DC89619EBCE0A00D9294B /* coche_valid.png in Resources */ = {isa = PBXBuildFile; fileRef = 4D7DC89519EBCE0A00D9294B /* coche_valid.png */; };
		4D7DC89A19EBD44700D9294B /* NSString+Additions.m in Sources */ = {isa = PBXBuildFile; fileRef = 4D7DC89919EBD44700D9294B /* NSString+Additions.m */; };
		4D7DC89E19EBF68D00D9294B /* TagPickerViewController.m in Sources */ = {isa = PBXBuildFile; fileRef = 4D7DC89D19EBF68D00D9294B /* TagPickerViewController.m */; };
		4D7DC8A119EFBBAA00D9294B /* QuartzCore.framework in Frameworks */ = {isa = PBXBuildFile; fileRef = 4D7DC8A019EFBBAA00D9294B /* QuartzCore.framework */; };
		4D7DC8AF19F0FE9D00D9294B /* UIViewController+MHSemiModal.m in Sources */ = {isa = PBXBuildFile; fileRef = 4D7DC8AE19F0FE9D00D9294B /* UIViewController+MHSemiModal.m */; };
		4D7DC8B119F1055500D9294B /* UIKit.framework in Frameworks */ = {isa = PBXBuildFile; fileRef = 4D7DC8B019F1055500D9294B /* UIKit.framework */; };
		4D7DC8B319F1056A00D9294B /* CoreGraphics.framework in Frameworks */ = {isa = PBXBuildFile; fileRef = 4D7DC8B219F1056A00D9294B /* CoreGraphics.framework */; };
		4DB9BE5C19F138CA00862674 /* NSString+HTML.m in Sources */ = {isa = PBXBuildFile; fileRef = 4DB9BE5B19F138CA00862674 /* NSString+HTML.m */; };
		4DB9BE5E19F139C100862674 /* GTMNString+HTML.m in Sources */ = {isa = PBXBuildFile; fileRef = 4DB9BE5D19F139C100862674 /* GTMNString+HTML.m */; };
		4DB9BE6219F1418F00862674 /* FormatterFactory.m in Sources */ = {isa = PBXBuildFile; fileRef = 4DB9BE6119F1418F00862674 /* FormatterFactory.m */; };
		4DB9BE6719F14A4F00862674 /* TagPickerViewController.xib in Resources */ = {isa = PBXBuildFile; fileRef = 4DB9BE6619F14A4F00862674 /* TagPickerViewController.xib */; };
		4DDA7BC419E3B9D00021DFFB /* main.m in Sources */ = {isa = PBXBuildFile; fileRef = 4DDA7BC319E3B9D00021DFFB /* main.m */; };
		4DDA7BC719E3B9D00021DFFB /* AppDelegate.m in Sources */ = {isa = PBXBuildFile; fileRef = 4DDA7BC619E3B9D00021DFFB /* AppDelegate.m */; };
		4DDA7BCA19E3B9D00021DFFB /* QuestionListViewController.m in Sources */ = {isa = PBXBuildFile; fileRef = 4DDA7BC919E3B9D00021DFFB /* QuestionListViewController.m */; };
		4DDA7BCD19E3B9D00021DFFB /* Main.storyboard in Resources */ = {isa = PBXBuildFile; fileRef = 4DDA7BCB19E3B9D00021DFFB /* Main.storyboard */; };
		4DDA7BCF19E3B9D00021DFFB /* Images.xcassets in Resources */ = {isa = PBXBuildFile; fileRef = 4DDA7BCE19E3B9D00021DFFB /* Images.xcassets */; };
		4DDA7BD219E3B9D00021DFFB /* LaunchScreen.xib in Resources */ = {isa = PBXBuildFile; fileRef = 4DDA7BD019E3B9D00021DFFB /* LaunchScreen.xib */; };
		4DDA7BDE19E3B9D00021DFFB /* StackOverflowQuestionsTests.m in Sources */ = {isa = PBXBuildFile; fileRef = 4DDA7BDD19E3B9D00021DFFB /* StackOverflowQuestionsTests.m */; };
		4DDA7BED19E3CD320021DFFB /* StackOverflowAPI.m in Sources */ = {isa = PBXBuildFile; fileRef = 4DDA7BEC19E3CD320021DFFB /* StackOverflowAPI.m */; };
		4DDA7BF719E51E4E0021DFFB /* QuestionProfileViewController.m in Sources */ = {isa = PBXBuildFile; fileRef = 4DDA7BF519E51E4E0021DFFB /* QuestionProfileViewController.m */; };
		5901D158568225C20FA9E8C8 /* StackOverflowResponseModel.m in Sources */ = {isa = PBXBuildFile; fileRef = 5901D38ABC8A1668F61FE051 /* StackOverflowResponseModel.m */; };
		5901D30B378F13199EA01D50 /* QuestionListViewCell.m in Sources */ = {isa = PBXBuildFile; fileRef = 5901D807043EDC37E94CD23C /* QuestionListViewCell.m */; };
		5901D34E2C6062980401C162 /* StackOverflowObject.m in Sources */ = {isa = PBXBuildFile; fileRef = 5901DC4D077D23A3D2281EF8 /* StackOverflowObject.m */; };
		5901D371C6AE536F901F1AD7 /* StackOverflowResponseModelItem.m in Sources */ = {isa = PBXBuildFile; fileRef = 5901DDBF81B239CD7FC07EB8 /* StackOverflowResponseModelItem.m */; };
		5901D63B7CA5912F3788F753 /* StackOverflowAPINew.m in Sources */ = {isa = PBXBuildFile; fileRef = 5901D9159E07F79E9931270A /* StackOverflowAPINew.m */; };
		5901D72AA8A349B2C11902E9 /* NSURL+PathParameters.m in Sources */ = {isa = PBXBuildFile; fileRef = 5901D2DD81C78A8972869BCE /* NSURL+PathParameters.m */; };
		5901DA149E974890703400E8 /* StackOverflowAPIBase_.m in Sources */ = {isa = PBXBuildFile; fileRef = 5901D664149D3D342EA73C9D /* StackOverflowAPIBase_.m */; };
		5901DA1F5908A3A55C57C22A /* FormatHelper.m in Sources */ = {isa = PBXBuildFile; fileRef = 5901D5BAF1C48244DA528468 /* FormatHelper.m */; };
		5901DA48B527516892A29A62 /* StackOverflowResponse.m in Sources */ = {isa = PBXBuildFile; fileRef = 5901D8955D3D38E9F25EF517 /* StackOverflowResponse.m */; };
		5901DB512E573620476AA2F9 /* StackOverflowRequest.m in Sources */ = {isa = PBXBuildFile; fileRef = 5901D297713C5129506BEDD7 /* StackOverflowRequest.m */; };
		5901DBE067D5D7C142FC9B65 /* QuestionProfileTableViewCell.m in Sources */ = {isa = PBXBuildFile; fileRef = 5901DFAF3807F0AE6DFF46C8 /* QuestionProfileTableViewCell.m */; };
		5901DD2241DD4022C44B5265 /* StackOverflowResponseData.m in Sources */ = {isa = PBXBuildFile; fileRef = 5901D80CC76381A14277D5EE /* StackOverflowResponseData.m */; };
		5901DE2FF2D9444F8F00DD53 /* StackOverflowAPIQuestions.m in Sources */ = {isa = PBXBuildFile; fileRef = 5901DD273BF5953CC226F012 /* StackOverflowAPIQuestions.m */; };
		5901DF7F8275AC95AD3961D7 /* StackOverflowResponseDataStubs.m in Sources */ = {isa = PBXBuildFile; fileRef = 5901DA8AA83AD5705FF547F3 /* StackOverflowResponseDataStubs.m */; };
		5901DFD80B57356F05CFAA83 /* MappingModel.m in Sources */ = {isa = PBXBuildFile; fileRef = 5901D8A56CB2A324D2734B4C /* MappingModel.m */; };
/* End PBXBuildFile section */

/* Begin PBXContainerItemProxy section */
		4DDA7BD819E3B9D00021DFFB /* PBXContainerItemProxy */ = {
			isa = PBXContainerItemProxy;
			containerPortal = 4DDA7BB619E3B9CF0021DFFB /* Project object */;
			proxyType = 1;
			remoteGlobalIDString = 4DDA7BBD19E3B9CF0021DFFB;
			remoteInfo = StackOverflowQuestions;
		};
/* End PBXContainerItemProxy section */

/* Begin PBXFileReference section */
		4D66F20719FF73AC00E9F86A /* VKontakteActivity.h */ = {isa = PBXFileReference; fileEncoding = 4; lastKnownFileType = sourcecode.c.h; name = VKontakteActivity.h; path = Models/Sharing/VKontakteActivity.h; sourceTree = "<group>"; };
		4D66F20819FF73AC00E9F86A /* VKontakteActivity.m */ = {isa = PBXFileReference; fileEncoding = 4; lastKnownFileType = sourcecode.c.objc; name = VKontakteActivity.m; path = Models/Sharing/VKontakteActivity.m; sourceTree = "<group>"; };
		4D66F20C19FF80E700E9F86A /* vk_activity_ios8.png */ = {isa = PBXFileReference; lastKnownFileType = image.png; name = vk_activity_ios8.png; path = Resources/vk_activity_ios8.png; sourceTree = "<group>"; };
		4D66F20D19FF80E700E9F86A /* vk_activity_ios8@2x.png */ = {isa = PBXFileReference; lastKnownFileType = image.png; name = "vk_activity_ios8@2x.png"; path = "Resources/vk_activity_ios8@2x.png"; sourceTree = "<group>"; };
		4D66F20E19FF80E700E9F86A /* vk_activity.png */ = {isa = PBXFileReference; lastKnownFileType = image.png; name = vk_activity.png; path = Resources/vk_activity.png; sourceTree = "<group>"; };
		4D66F20F19FF80E700E9F86A /* vk_activity@2x.png */ = {isa = PBXFileReference; lastKnownFileType = image.png; name = "vk_activity@2x.png"; path = "Resources/vk_activity@2x.png"; sourceTree = "<group>"; };
		4D670EA419F51851004E54CE /* UITextView+Additions.h */ = {isa = PBXFileReference; fileEncoding = 4; lastKnownFileType = sourcecode.c.h; path = "UITextView+Additions.h"; sourceTree = "<group>"; };
		4D670EA519F51851004E54CE /* UITextView+Additions.m */ = {isa = PBXFileReference; fileEncoding = 4; lastKnownFileType = sourcecode.c.objc; path = "UITextView+Additions.m"; sourceTree = "<group>"; };
		4D670EAA19F68053004E54CE /* NSCachedURLResponse+Expiration.h */ = {isa = PBXFileReference; fileEncoding = 4; lastKnownFileType = sourcecode.c.h; path = "NSCachedURLResponse+Expiration.h"; sourceTree = "<group>"; };
		4D670EAB19F68053004E54CE /* NSCachedURLResponse+Expiration.m */ = {isa = PBXFileReference; fileEncoding = 4; lastKnownFileType = sourcecode.c.objc; path = "NSCachedURLResponse+Expiration.m"; sourceTree = "<group>"; };
		4D670EAE19FA355A004E54CE /* SettingsController.h */ = {isa = PBXFileReference; fileEncoding = 4; lastKnownFileType = sourcecode.c.h; path = SettingsController.h; sourceTree = "<group>"; };
		4D670EAF19FA355A004E54CE /* SettingsController.m */ = {isa = PBXFileReference; fileEncoding = 4; lastKnownFileType = sourcecode.c.objc; path = SettingsController.m; sourceTree = "<group>"; };
		4D670EB219FA3C94004E54CE /* UserSettings.h */ = {isa = PBXFileReference; fileEncoding = 4; lastKnownFileType = sourcecode.c.h; name = UserSettings.h; path = Models/Settings/UserSettings.h; sourceTree = "<group>"; };
		4D670EB319FA3C94004E54CE /* UserSettings.m */ = {isa = PBXFileReference; fileEncoding = 4; lastKnownFileType = sourcecode.c.objc; name = UserSettings.m; path = Models/Settings/UserSettings.m; sourceTree = "<group>"; };
		4D7DC89519EBCE0A00D9294B /* coche_valid.png */ = {isa = PBXFileReference; lastKnownFileType = image.png; path = coche_valid.png; sourceTree = "<group>"; };
		4D7DC89819EBD44700D9294B /* NSString+Additions.h */ = {isa = PBXFileReference; fileEncoding = 4; lastKnownFileType = sourcecode.c.h; name = "NSString+Additions.h"; path = "Stubs/Foundation/NSString+Additions.h"; sourceTree = "<group>"; };
		4D7DC89919EBD44700D9294B /* NSString+Additions.m */ = {isa = PBXFileReference; fileEncoding = 4; lastKnownFileType = sourcecode.c.objc; name = "NSString+Additions.m"; path = "Stubs/Foundation/NSString+Additions.m"; sourceTree = "<group>"; };
		4D7DC89C19EBF68D00D9294B /* TagPickerViewController.h */ = {isa = PBXFileReference; fileEncoding = 4; lastKnownFileType = sourcecode.c.h; path = TagPickerViewController.h; sourceTree = "<group>"; };
		4D7DC89D19EBF68D00D9294B /* TagPickerViewController.m */ = {isa = PBXFileReference; fileEncoding = 4; lastKnownFileType = sourcecode.c.objc; path = TagPickerViewController.m; sourceTree = "<group>"; };
		4D7DC8A019EFBBAA00D9294B /* QuartzCore.framework */ = {isa = PBXFileReference; lastKnownFileType = wrapper.framework; name = QuartzCore.framework; path = System/Library/Frameworks/QuartzCore.framework; sourceTree = SDKROOT; };
		4D7DC8AD19F0FE9D00D9294B /* UIViewController+MHSemiModal.h */ = {isa = PBXFileReference; fileEncoding = 4; lastKnownFileType = sourcecode.c.h; path = "UIViewController+MHSemiModal.h"; sourceTree = "<group>"; };
		4D7DC8AE19F0FE9D00D9294B /* UIViewController+MHSemiModal.m */ = {isa = PBXFileReference; fileEncoding = 4; lastKnownFileType = sourcecode.c.objc; path = "UIViewController+MHSemiModal.m"; sourceTree = "<group>"; };
		4D7DC8B019F1055500D9294B /* UIKit.framework */ = {isa = PBXFileReference; lastKnownFileType = wrapper.framework; name = UIKit.framework; path = System/Library/Frameworks/UIKit.framework; sourceTree = SDKROOT; };
		4D7DC8B219F1056A00D9294B /* CoreGraphics.framework */ = {isa = PBXFileReference; lastKnownFileType = wrapper.framework; name = CoreGraphics.framework; path = System/Library/Frameworks/CoreGraphics.framework; sourceTree = SDKROOT; };
		4DB9BE5619F125A700862674 /* GTMNSString+HTML.h */ = {isa = PBXFileReference; fileEncoding = 4; lastKnownFileType = sourcecode.c.h; name = "GTMNSString+HTML.h"; path = "Stubs/Foundation/GTMNSString+HTML.h"; sourceTree = "<group>"; };
		4DB9BE5A19F138CA00862674 /* NSString+HTML.h */ = {isa = PBXFileReference; fileEncoding = 4; lastKnownFileType = sourcecode.c.h; name = "NSString+HTML.h"; path = "Stubs/Foundation/NSString+HTML.h"; sourceTree = "<group>"; };
		4DB9BE5B19F138CA00862674 /* NSString+HTML.m */ = {isa = PBXFileReference; fileEncoding = 4; lastKnownFileType = sourcecode.c.objc; name = "NSString+HTML.m"; path = "Stubs/Foundation/NSString+HTML.m"; sourceTree = "<group>"; };
		4DB9BE5D19F139C100862674 /* GTMNString+HTML.m */ = {isa = PBXFileReference; fileEncoding = 4; lastKnownFileType = sourcecode.c.objc; name = "GTMNString+HTML.m"; path = "Stubs/Foundation/GTMNString+HTML.m"; sourceTree = "<group>"; };
		4DB9BE6019F1418F00862674 /* FormatterFactory.h */ = {isa = PBXFileReference; fileEncoding = 4; lastKnownFileType = sourcecode.c.h; path = FormatterFactory.h; sourceTree = "<group>"; };
		4DB9BE6119F1418F00862674 /* FormatterFactory.m */ = {isa = PBXFileReference; fileEncoding = 4; lastKnownFileType = sourcecode.c.objc; path = FormatterFactory.m; sourceTree = "<group>"; };
		4DB9BE6619F14A4F00862674 /* TagPickerViewController.xib */ = {isa = PBXFileReference; fileEncoding = 4; lastKnownFileType = file.xib; path = TagPickerViewController.xib; sourceTree = "<group>"; };
		4DDA7BBE19E3B9CF0021DFFB /* StackOverflowQuestions.app */ = {isa = PBXFileReference; explicitFileType = wrapper.application; includeInIndex = 0; path = StackOverflowQuestions.app; sourceTree = BUILT_PRODUCTS_DIR; };
		4DDA7BC219E3B9CF0021DFFB /* Info.plist */ = {isa = PBXFileReference; lastKnownFileType = text.plist.xml; path = Info.plist; sourceTree = "<group>"; };
		4DDA7BC319E3B9D00021DFFB /* main.m */ = {isa = PBXFileReference; lastKnownFileType = sourcecode.c.objc; path = main.m; sourceTree = "<group>"; };
		4DDA7BC519E3B9D00021DFFB /* AppDelegate.h */ = {isa = PBXFileReference; lastKnownFileType = sourcecode.c.h; path = AppDelegate.h; sourceTree = "<group>"; };
		4DDA7BC619E3B9D00021DFFB /* AppDelegate.m */ = {isa = PBXFileReference; lastKnownFileType = sourcecode.c.objc; path = AppDelegate.m; sourceTree = "<group>"; };
		4DDA7BC819E3B9D00021DFFB /* QuestionListViewController.h */ = {isa = PBXFileReference; lastKnownFileType = sourcecode.c.h; path = QuestionListViewController.h; sourceTree = "<group>"; };
		4DDA7BC919E3B9D00021DFFB /* QuestionListViewController.m */ = {isa = PBXFileReference; lastKnownFileType = sourcecode.c.objc; path = QuestionListViewController.m; sourceTree = "<group>"; };
		4DDA7BCC19E3B9D00021DFFB /* Base */ = {isa = PBXFileReference; lastKnownFileType = file.storyboard; name = Base; path = Base.lproj/Main.storyboard; sourceTree = "<group>"; };
		4DDA7BCE19E3B9D00021DFFB /* Images.xcassets */ = {isa = PBXFileReference; lastKnownFileType = folder.assetcatalog; path = Images.xcassets; sourceTree = "<group>"; };
		4DDA7BD119E3B9D00021DFFB /* Base */ = {isa = PBXFileReference; lastKnownFileType = file.xib; name = Base; path = Base.lproj/LaunchScreen.xib; sourceTree = "<group>"; };
		4DDA7BD719E3B9D00021DFFB /* StackOverflowQuestionsTests.xctest */ = {isa = PBXFileReference; explicitFileType = wrapper.cfbundle; includeInIndex = 0; path = StackOverflowQuestionsTests.xctest; sourceTree = BUILT_PRODUCTS_DIR; };
		4DDA7BDC19E3B9D00021DFFB /* Info.plist */ = {isa = PBXFileReference; lastKnownFileType = text.plist.xml; path = Info.plist; sourceTree = "<group>"; };
		4DDA7BDD19E3B9D00021DFFB /* StackOverflowQuestionsTests.m */ = {isa = PBXFileReference; lastKnownFileType = sourcecode.c.objc; path = StackOverflowQuestionsTests.m; sourceTree = "<group>"; };
		4DDA7BEC19E3CD320021DFFB /* StackOverflowAPI.m */ = {isa = PBXFileReference; fileEncoding = 4; lastKnownFileType = sourcecode.c.objc; name = StackOverflowAPI.m; path = Models/API/StackOverflowAPI.m; sourceTree = "<group>"; };
		4DDA7BF119E3D67F0021DFFB /* StackOverflowAPI.h */ = {isa = PBXFileReference; lastKnownFileType = sourcecode.c.h; name = StackOverflowAPI.h; path = Models/API/StackOverflowAPI.h; sourceTree = "<group>"; };
		4DDA7BF419E51E4E0021DFFB /* QuestionProfileViewController.h */ = {isa = PBXFileReference; fileEncoding = 4; lastKnownFileType = sourcecode.c.h; path = QuestionProfileViewController.h; sourceTree = "<group>"; };
		4DDA7BF519E51E4E0021DFFB /* QuestionProfileViewController.m */ = {isa = PBXFileReference; fileEncoding = 4; lastKnownFileType = sourcecode.c.objc; path = QuestionProfileViewController.m; sourceTree = "<group>"; };
		5901D04EE6A938402C29581E /* NSURL+PathParameters.h */ = {isa = PBXFileReference; fileEncoding = 4; lastKnownFileType = sourcecode.c.h; name = "NSURL+PathParameters.h"; path = "Stubs/Foundation/NSURL+PathParameters.h"; sourceTree = "<group>"; };
		5901D297713C5129506BEDD7 /* StackOverflowRequest.m */ = {isa = PBXFileReference; fileEncoding = 4; lastKnownFileType = sourcecode.c.objc; path = StackOverflowRequest.m; sourceTree = "<group>"; };
		5901D2DD81C78A8972869BCE /* NSURL+PathParameters.m */ = {isa = PBXFileReference; fileEncoding = 4; lastKnownFileType = sourcecode.c.objc; name = "NSURL+PathParameters.m"; path = "Stubs/Foundation/NSURL+PathParameters.m"; sourceTree = "<group>"; };
		5901D38ABC8A1668F61FE051 /* StackOverflowResponseModel.m */ = {isa = PBXFileReference; fileEncoding = 4; lastKnownFileType = sourcecode.c.objc; path = StackOverflowResponseModel.m; sourceTree = "<group>"; };
		5901D3956ACE189A9D56E06F /* StackOverflowResponseDataStubs.h */ = {isa = PBXFileReference; fileEncoding = 4; lastKnownFileType = sourcecode.c.h; path = StackOverflowResponseDataStubs.h; sourceTree = "<group>"; };
		5901D47DBDF37245CC1AFF8B /* FormatHelper.h */ = {isa = PBXFileReference; fileEncoding = 4; lastKnownFileType = sourcecode.c.h; path = FormatHelper.h; sourceTree = "<group>"; };
		5901D5BAF1C48244DA528468 /* FormatHelper.m */ = {isa = PBXFileReference; fileEncoding = 4; lastKnownFileType = sourcecode.c.objc; path = FormatHelper.m; sourceTree = "<group>"; };
		5901D5FE7252989A21084856 /* StackOverflowResponseData.h */ = {isa = PBXFileReference; fileEncoding = 4; lastKnownFileType = sourcecode.c.h; path = StackOverflowResponseData.h; sourceTree = "<group>"; };
		5901D664149D3D342EA73C9D /* StackOverflowAPIBase_.m */ = {isa = PBXFileReference; fileEncoding = 4; lastKnownFileType = sourcecode.c.objc; path = StackOverflowAPIBase_.m; sourceTree = "<group>"; };
		5901D7B68014CA46E70B8A0B /* StackOverflowResponseModel.h */ = {isa = PBXFileReference; fileEncoding = 4; lastKnownFileType = sourcecode.c.h; path = StackOverflowResponseModel.h; sourceTree = "<group>"; };
		5901D8048E70E4B520886528 /* QuestionProfileTableViewCell.h */ = {isa = PBXFileReference; fileEncoding = 4; lastKnownFileType = sourcecode.c.h; name = QuestionProfileTableViewCell.h; path = Models/UI/QuestionProfileTableViewCell.h; sourceTree = "<group>"; };
		5901D807043EDC37E94CD23C /* QuestionListViewCell.m */ = {isa = PBXFileReference; fileEncoding = 4; lastKnownFileType = sourcecode.c.objc; name = QuestionListViewCell.m; path = Models/UI/QuestionListViewCell.m; sourceTree = "<group>"; };
		5901D80CC76381A14277D5EE /* StackOverflowResponseData.m */ = {isa = PBXFileReference; fileEncoding = 4; lastKnownFileType = sourcecode.c.objc; path = StackOverflowResponseData.m; sourceTree = "<group>"; };
		5901D8955D3D38E9F25EF517 /* StackOverflowResponse.m */ = {isa = PBXFileReference; fileEncoding = 4; lastKnownFileType = sourcecode.c.objc; path = StackOverflowResponse.m; sourceTree = "<group>"; };
		5901D8A56CB2A324D2734B4C /* MappingModel.m */ = {isa = PBXFileReference; fileEncoding = 4; lastKnownFileType = sourcecode.c.objc; path = MappingModel.m; sourceTree = "<group>"; };
		5901D8CC0F540DFE4C988DD7 /* StackOverflowAPIBase_.h */ = {isa = PBXFileReference; fileEncoding = 4; lastKnownFileType = sourcecode.c.h; path = StackOverflowAPIBase_.h; sourceTree = "<group>"; };
		5901D9159E07F79E9931270A /* StackOverflowAPINew.m */ = {isa = PBXFileReference; fileEncoding = 4; lastKnownFileType = sourcecode.c.objc; path = StackOverflowAPINew.m; sourceTree = "<group>"; };
		5901D9C769AE1979B567F145 /* StackOverflowResponse.h */ = {isa = PBXFileReference; fileEncoding = 4; lastKnownFileType = sourcecode.c.h; path = StackOverflowResponse.h; sourceTree = "<group>"; };
		5901DA8AA83AD5705FF547F3 /* StackOverflowResponseDataStubs.m */ = {isa = PBXFileReference; fileEncoding = 4; lastKnownFileType = sourcecode.c.objc; path = StackOverflowResponseDataStubs.m; sourceTree = "<group>"; };
		5901DB5B8B45B86DEC66210E /* StackOverflowAPIQuestions.h */ = {isa = PBXFileReference; fileEncoding = 4; lastKnownFileType = sourcecode.c.h; path = StackOverflowAPIQuestions.h; sourceTree = "<group>"; };
		5901DB8EE7F69F25281FFF2D /* QuestionListViewCell.h */ = {isa = PBXFileReference; fileEncoding = 4; lastKnownFileType = sourcecode.c.h; name = QuestionListViewCell.h; path = Models/UI/QuestionListViewCell.h; sourceTree = "<group>"; };
		5901DC1AEF713A7FE3EE4E33 /* MappingModel.h */ = {isa = PBXFileReference; fileEncoding = 4; lastKnownFileType = sourcecode.c.h; path = MappingModel.h; sourceTree = "<group>"; };
		5901DC4D077D23A3D2281EF8 /* StackOverflowObject.m */ = {isa = PBXFileReference; fileEncoding = 4; lastKnownFileType = sourcecode.c.objc; path = StackOverflowObject.m; sourceTree = "<group>"; };
		5901DD273BF5953CC226F012 /* StackOverflowAPIQuestions.m */ = {isa = PBXFileReference; fileEncoding = 4; lastKnownFileType = sourcecode.c.objc; path = StackOverflowAPIQuestions.m; sourceTree = "<group>"; };
		5901DD38ED3DF992201B1390 /* StackOverflowResponseModelItem.h */ = {isa = PBXFileReference; fileEncoding = 4; lastKnownFileType = sourcecode.c.h; path = StackOverflowResponseModelItem.h; sourceTree = "<group>"; };
		5901DDBF81B239CD7FC07EB8 /* StackOverflowResponseModelItem.m */ = {isa = PBXFileReference; fileEncoding = 4; lastKnownFileType = sourcecode.c.objc; path = StackOverflowResponseModelItem.m; sourceTree = "<group>"; };
		5901DEFC0FD66567E1A3E1D5 /* StackOverflowAPINew.h */ = {isa = PBXFileReference; fileEncoding = 4; lastKnownFileType = sourcecode.c.h; path = StackOverflowAPINew.h; sourceTree = "<group>"; };
		5901DFAF3807F0AE6DFF46C8 /* QuestionProfileTableViewCell.m */ = {isa = PBXFileReference; fileEncoding = 4; lastKnownFileType = sourcecode.c.objc; name = QuestionProfileTableViewCell.m; path = Models/UI/QuestionProfileTableViewCell.m; sourceTree = "<group>"; };
		5901DFB09E1B007E3C8D6B0D /* StackOverflowObject.h */ = {isa = PBXFileReference; fileEncoding = 4; lastKnownFileType = sourcecode.c.h; path = StackOverflowObject.h; sourceTree = "<group>"; };
		5901DFED069A19F13AB2EFEB /* StackOverflowRequest.h */ = {isa = PBXFileReference; fileEncoding = 4; lastKnownFileType = sourcecode.c.h; path = StackOverflowRequest.h; sourceTree = "<group>"; };
		73E82169FEC35BAF58ECF7CD /* Pods.release.xcconfig */ = {isa = PBXFileReference; includeInIndex = 1; lastKnownFileType = text.xcconfig; name = Pods.release.xcconfig; path = "Pods/Target Support Files/Pods/Pods.release.xcconfig"; sourceTree = "<group>"; };
		9F984BD706DBA301702C1C5B /* libPods.a */ = {isa = PBXFileReference; explicitFileType = archive.ar; includeInIndex = 0; path = libPods.a; sourceTree = BUILT_PRODUCTS_DIR; };
		B550769617CD92B6AA96C123 /* Pods.debug.xcconfig */ = {isa = PBXFileReference; includeInIndex = 1; lastKnownFileType = text.xcconfig; name = Pods.debug.xcconfig; path = "Pods/Target Support Files/Pods/Pods.debug.xcconfig"; sourceTree = "<group>"; };
/* End PBXFileReference section */

/* Begin PBXFrameworksBuildPhase section */
		4DDA7BBB19E3B9CF0021DFFB /* Frameworks */ = {
			isa = PBXFrameworksBuildPhase;
			buildActionMask = 2147483647;
			files = (
				4D7DC8B319F1056A00D9294B /* CoreGraphics.framework in Frameworks */,
				4D7DC8B119F1055500D9294B /* UIKit.framework in Frameworks */,
				4D7DC8A119EFBBAA00D9294B /* QuartzCore.framework in Frameworks */,
				205F61A30321B972285FF0E4 /* libPods.a in Frameworks */,
			);
			runOnlyForDeploymentPostprocessing = 0;
		};
		4DDA7BD419E3B9D00021DFFB /* Frameworks */ = {
			isa = PBXFrameworksBuildPhase;
			buildActionMask = 2147483647;
			files = (
			);
			runOnlyForDeploymentPostprocessing = 0;
		};
/* End PBXFrameworksBuildPhase section */

/* Begin PBXGroup section */
		4D66F20619FF721800E9F86A /* Sharing */ = {
			isa = PBXGroup;
			children = (
				4D66F20719FF73AC00E9F86A /* VKontakteActivity.h */,
				4D66F20819FF73AC00E9F86A /* VKontakteActivity.m */,
			);
			name = Sharing;
			sourceTree = "<group>";
		};
		4D670EA319F51806004E54CE /* UIKit */ = {
			isa = PBXGroup;
			children = (
				4D670EA419F51851004E54CE /* UITextView+Additions.h */,
				4D670EA519F51851004E54CE /* UITextView+Additions.m */,
			);
			name = UIKit;
			sourceTree = "<group>";
		};
		4D670EAD19FA3509004E54CE /* Settings */ = {
			isa = PBXGroup;
			children = (
				4D670EAE19FA355A004E54CE /* SettingsController.h */,
				4D670EAF19FA355A004E54CE /* SettingsController.m */,
			);
			name = Settings;
			sourceTree = "<group>";
		};
		4D670EB119FA3742004E54CE /* Settings */ = {
			isa = PBXGroup;
			children = (
				4D670EB219FA3C94004E54CE /* UserSettings.h */,
				4D670EB319FA3C94004E54CE /* UserSettings.m */,
			);
			name = Settings;
			sourceTree = "<group>";
		};
		4D7DC89719EBD30000D9294B /* Extensions */ = {
			isa = PBXGroup;
			children = (
				4D670EA319F51806004E54CE /* UIKit */,
				4D7DC89B19EBD62D00D9294B /* Foundation */,
			);
			name = Extensions;
			sourceTree = "<group>";
		};
		4D7DC89B19EBD62D00D9294B /* Foundation */ = {
			isa = PBXGroup;
			children = (
				4D7DC89819EBD44700D9294B /* NSString+Additions.h */,
				4D7DC89919EBD44700D9294B /* NSString+Additions.m */,
				5901D04EE6A938402C29581E /* NSURL+PathParameters.h */,
				5901D2DD81C78A8972869BCE /* NSURL+PathParameters.m */,
				4DB9BE5619F125A700862674 /* GTMNSString+HTML.h */,
				4DB9BE5D19F139C100862674 /* GTMNString+HTML.m */,
				4DB9BE5A19F138CA00862674 /* NSString+HTML.h */,
				4DB9BE5B19F138CA00862674 /* NSString+HTML.m */,
				4D670EAA19F68053004E54CE /* NSCachedURLResponse+Expiration.h */,
				4D670EAB19F68053004E54CE /* NSCachedURLResponse+Expiration.m */,
			);
			name = Foundation;
			sourceTree = "<group>";
		};
		4D7DC8A819EFE8F000D9294B /* Interfaces */ = {
			isa = PBXGroup;
			children = (
				4DB9BE6619F14A4F00862674 /* TagPickerViewController.xib */,
				4DDA7BCB19E3B9D00021DFFB /* Main.storyboard */,
				4DDA7BD019E3B9D00021DFFB /* LaunchScreen.xib */,
			);
			name = Interfaces;
			sourceTree = "<group>";
		};
		4D7DC8AB19F0FE7700D9294B /* Libraries */ = {
			isa = PBXGroup;
			children = (
				4D7DC8AC19F0FE8300D9294B /* MHSemiModal */,
			);
			name = Libraries;
			sourceTree = "<group>";
		};
		4D7DC8AC19F0FE8300D9294B /* MHSemiModal */ = {
			isa = PBXGroup;
			children = (
				4D7DC8AD19F0FE9D00D9294B /* UIViewController+MHSemiModal.h */,
				4D7DC8AE19F0FE9D00D9294B /* UIViewController+MHSemiModal.m */,
			);
			name = MHSemiModal;
			sourceTree = "<group>";
		};
		4DB9BE5F19F1414000862674 /* Formatter */ = {
			isa = PBXGroup;
			children = (
				4DB9BE6019F1418F00862674 /* FormatterFactory.h */,
				4DB9BE6119F1418F00862674 /* FormatterFactory.m */,
			);
			name = Formatter;
			path = Models/Formatter;
			sourceTree = "<group>";
		};
		4DB9BE6319F142D400862674 /* Questions */ = {
			isa = PBXGroup;
			children = (
				4DDA7BC819E3B9D00021DFFB /* QuestionListViewController.h */,
				4DDA7BC919E3B9D00021DFFB /* QuestionListViewController.m */,
			);
			name = Questions;
			sourceTree = "<group>";
		};
		4DB9BE6419F1430000862674 /* QuestionProfile */ = {
			isa = PBXGroup;
			children = (
				4DDA7BF419E51E4E0021DFFB /* QuestionProfileViewController.h */,
				4DDA7BF519E51E4E0021DFFB /* QuestionProfileViewController.m */,
			);
			name = QuestionProfile;
			sourceTree = "<group>";
		};
		4DB9BE6519F1431000862674 /* Modal */ = {
			isa = PBXGroup;
			children = (
				4D7DC89C19EBF68D00D9294B /* TagPickerViewController.h */,
				4D7DC89D19EBF68D00D9294B /* TagPickerViewController.m */,
			);
			name = Modal;
			sourceTree = "<group>";
		};
		4DDA7BB519E3B9CF0021DFFB = {
			isa = PBXGroup;
			children = (
				4DDA7BC019E3B9CF0021DFFB /* StackOverflowQuestions */,
				4DDA7BDA19E3B9D00021DFFB /* StackOverflowQuestionsTests */,
				4DDA7BBF19E3B9CF0021DFFB /* Products */,
				97C264B141CC6348FCF1CABA /* Pods */,
				FB988D6C914EFCA97EE8B96B /* Frameworks */,
			);
			sourceTree = "<group>";
		};
		4DDA7BBF19E3B9CF0021DFFB /* Products */ = {
			isa = PBXGroup;
			children = (
				4DDA7BBE19E3B9CF0021DFFB /* StackOverflowQuestions.app */,
				4DDA7BD719E3B9D00021DFFB /* StackOverflowQuestionsTests.xctest */,
			);
			name = Products;
			sourceTree = "<group>";
		};
		4DDA7BC019E3B9CF0021DFFB /* StackOverflowQuestions */ = {
			isa = PBXGroup;
			children = (
				4D7DC8AB19F0FE7700D9294B /* Libraries */,
				4D7DC89719EBD30000D9294B /* Extensions */,
				4DDA7BF219E406370021DFFB /* Resources */,
				4DDA7BE919E3BEEE0021DFFB /* View */,
				4DDA7BE819E3BEE70021DFFB /* Controllers */,
				4DDA7BE719E3BED00021DFFB /* Models */,
				4DDA7BC519E3B9D00021DFFB /* AppDelegate.h */,
				4DDA7BC619E3B9D00021DFFB /* AppDelegate.m */,
				4DDA7BC119E3B9CF0021DFFB /* Supporting Files */,
			);
			path = StackOverflowQuestions;
			sourceTree = "<group>";
		};
		4DDA7BC119E3B9CF0021DFFB /* Supporting Files */ = {
			isa = PBXGroup;
			children = (
				4DDA7BC219E3B9CF0021DFFB /* Info.plist */,
				4DDA7BC319E3B9D00021DFFB /* main.m */,
			);
			name = "Supporting Files";
			sourceTree = "<group>";
		};
		4DDA7BDA19E3B9D00021DFFB /* StackOverflowQuestionsTests */ = {
			isa = PBXGroup;
			children = (
				4DDA7BDD19E3B9D00021DFFB /* StackOverflowQuestionsTests.m */,
				4DDA7BDB19E3B9D00021DFFB /* Supporting Files */,
			);
			path = StackOverflowQuestionsTests;
			sourceTree = "<group>";
		};
		4DDA7BDB19E3B9D00021DFFB /* Supporting Files */ = {
			isa = PBXGroup;
			children = (
				4DDA7BDC19E3B9D00021DFFB /* Info.plist */,
			);
			name = "Supporting Files";
			sourceTree = "<group>";
		};
		4DDA7BE719E3BED00021DFFB /* Models */ = {
			isa = PBXGroup;
			children = (
				4D66F20619FF721800E9F86A /* Sharing */,
				4D670EB119FA3742004E54CE /* Settings */,
				4DB9BE5F19F1414000862674 /* Formatter */,
				4DDA7BEA19E3C44D0021DFFB /* API */,
				5901DBBFAE90DAEB6E58F52F /* Helper */,
				5901DAC015201DBDC4CCD344 /* StackOverflowAPI */,
			);
			name = Models;
			sourceTree = "<group>";
		};
		4DDA7BE819E3BEE70021DFFB /* Controllers */ = {
			isa = PBXGroup;
			children = (
				4D670EAD19FA3509004E54CE /* Settings */,
				4DB9BE6319F142D400862674 /* Questions */,
				4DB9BE6419F1430000862674 /* QuestionProfile */,
				4DB9BE6519F1431000862674 /* Modal */,
			);
			path = Controllers;
			sourceTree = "<group>";
		};
		4DDA7BE919E3BEEE0021DFFB /* View */ = {
			isa = PBXGroup;
			children = (
				5901DFAF3807F0AE6DFF46C8 /* QuestionProfileTableViewCell.m */,
				5901D8048E70E4B520886528 /* QuestionProfileTableViewCell.h */,
				5901DB8EE7F69F25281FFF2D /* QuestionListViewCell.h */,
				5901D807043EDC37E94CD23C /* QuestionListViewCell.m */,
			);
			name = View;
			sourceTree = "<group>";
		};
		4DDA7BEA19E3C44D0021DFFB /* API */ = {
			isa = PBXGroup;
			children = (
				4DDA7BF119E3D67F0021DFFB /* StackOverflowAPI.h */,
				4DDA7BEC19E3CD320021DFFB /* StackOverflowAPI.m */,
				5901D41864E3B9708E618FF5 /* Response */,
			);
			name = API;
			sourceTree = "<group>";
		};
		4DDA7BF219E406370021DFFB /* Resources */ = {
			isa = PBXGroup;
			children = (
				4D66F20C19FF80E700E9F86A /* vk_activity_ios8.png */,
				4D66F20D19FF80E700E9F86A /* vk_activity_ios8@2x.png */,
				4D66F20E19FF80E700E9F86A /* vk_activity.png */,
				4D66F20F19FF80E700E9F86A /* vk_activity@2x.png */,
				4D7DC8A819EFE8F000D9294B /* Interfaces */,
				4D7DC89519EBCE0A00D9294B /* coche_valid.png */,
				4DDA7BCE19E3B9D00021DFFB /* Images.xcassets */,
			);
			name = Resources;
			sourceTree = "<group>";
		};
		5901D41864E3B9708E618FF5 /* Response */ = {
			isa = PBXGroup;
			children = (
				5901D5FE7252989A21084856 /* StackOverflowResponseData.h */,
				5901D80CC76381A14277D5EE /* StackOverflowResponseData.m */,
			);
			name = Response;
			sourceTree = "<group>";
		};
		5901D771300C1C66A2363679 /* Mapping */ = {
			isa = PBXGroup;
			children = (
				5901D8A56CB2A324D2734B4C /* MappingModel.m */,
				5901DC1AEF713A7FE3EE4E33 /* MappingModel.h */,
			);
			name = Mapping;
			sourceTree = "<group>";
		};
		5901DA67FB7C4A9E553BB55B /* Response */ = {
			isa = PBXGroup;
			children = (
				5901DDBF81B239CD7FC07EB8 /* StackOverflowResponseModelItem.m */,
				5901DD38ED3DF992201B1390 /* StackOverflowResponseModelItem.h */,
				5901D38ABC8A1668F61FE051 /* StackOverflowResponseModel.m */,
				5901D7B68014CA46E70B8A0B /* StackOverflowResponseModel.h */,
			);
			name = Response;
			sourceTree = "<group>";
		};
		5901DAC015201DBDC4CCD344 /* StackOverflowAPI */ = {
			isa = PBXGroup;
			children = (
				5901D664149D3D342EA73C9D /* StackOverflowAPIBase_.m */,
				5901D8CC0F540DFE4C988DD7 /* StackOverflowAPIBase_.h */,
				5901D9159E07F79E9931270A /* StackOverflowAPINew.m */,
				5901DEFC0FD66567E1A3E1D5 /* StackOverflowAPINew.h */,
				5901D297713C5129506BEDD7 /* StackOverflowRequest.m */,
				5901DFED069A19F13AB2EFEB /* StackOverflowRequest.h */,
				5901DC4D077D23A3D2281EF8 /* StackOverflowObject.m */,
				5901DFB09E1B007E3C8D6B0D /* StackOverflowObject.h */,
				5901D8955D3D38E9F25EF517 /* StackOverflowResponse.m */,
				5901D9C769AE1979B567F145 /* StackOverflowResponse.h */,
				5901DD273BF5953CC226F012 /* StackOverflowAPIQuestions.m */,
				5901DB5B8B45B86DEC66210E /* StackOverflowAPIQuestions.h */,
				5901DBA4E0C570512B41CFBF /* Models */,
				5901DA8AA83AD5705FF547F3 /* StackOverflowResponseDataStubs.m */,
				5901D3956ACE189A9D56E06F /* StackOverflowResponseDataStubs.h */,
			);
			name = StackOverflowAPI;
			sourceTree = "<group>";
		};
		5901DBA4E0C570512B41CFBF /* Models */ = {
			isa = PBXGroup;
			children = (
				5901D771300C1C66A2363679 /* Mapping */,
				5901DA67FB7C4A9E553BB55B /* Response */,
			);
			name = Models;
			sourceTree = "<group>";
		};
		5901DBBFAE90DAEB6E58F52F /* Helper */ = {
			isa = PBXGroup;
			children = (
				5901D5BAF1C48244DA528468 /* FormatHelper.m */,
				5901D47DBDF37245CC1AFF8B /* FormatHelper.h */,
			);
			name = Helper;
			sourceTree = "<group>";
		};
		97C264B141CC6348FCF1CABA /* Pods */ = {
			isa = PBXGroup;
			children = (
				B550769617CD92B6AA96C123 /* Pods.debug.xcconfig */,
				73E82169FEC35BAF58ECF7CD /* Pods.release.xcconfig */,
			);
			name = Pods;
			sourceTree = "<group>";
		};
		FB988D6C914EFCA97EE8B96B /* Frameworks */ = {
			isa = PBXGroup;
			children = (
				4D7DC8B219F1056A00D9294B /* CoreGraphics.framework */,
				4D7DC8B019F1055500D9294B /* UIKit.framework */,
				4D7DC8A019EFBBAA00D9294B /* QuartzCore.framework */,
				9F984BD706DBA301702C1C5B /* libPods.a */,
			);
			name = Frameworks;
			sourceTree = "<group>";
		};
/* End PBXGroup section */

/* Begin PBXNativeTarget section */
		4DDA7BBD19E3B9CF0021DFFB /* StackOverflowQuestions */ = {
			isa = PBXNativeTarget;
			buildConfigurationList = 4DDA7BE119E3B9D00021DFFB /* Build configuration list for PBXNativeTarget "StackOverflowQuestions" */;
			buildPhases = (
				D20EFA6CF0D4F1487B4D7F3A /* Check Pods Manifest.lock */,
				4DDA7BBA19E3B9CF0021DFFB /* Sources */,
				4DDA7BBB19E3B9CF0021DFFB /* Frameworks */,
				4DDA7BBC19E3B9CF0021DFFB /* Resources */,
				FDD589F176C801838BF15237 /* Copy Pods Resources */,
			);
			buildRules = (
			);
			dependencies = (
			);
			name = StackOverflowQuestions;
			productName = StackOverflowQuestions;
			productReference = 4DDA7BBE19E3B9CF0021DFFB /* StackOverflowQuestions.app */;
			productType = "com.apple.product-type.application";
		};
		4DDA7BD619E3B9D00021DFFB /* StackOverflowQuestionsTests */ = {
			isa = PBXNativeTarget;
			buildConfigurationList = 4DDA7BE419E3B9D00021DFFB /* Build configuration list for PBXNativeTarget "StackOverflowQuestionsTests" */;
			buildPhases = (
				4DDA7BD319E3B9D00021DFFB /* Sources */,
				4DDA7BD419E3B9D00021DFFB /* Frameworks */,
				4DDA7BD519E3B9D00021DFFB /* Resources */,
			);
			buildRules = (
			);
			dependencies = (
				4DDA7BD919E3B9D00021DFFB /* PBXTargetDependency */,
			);
			name = StackOverflowQuestionsTests;
			productName = StackOverflowQuestionsTests;
			productReference = 4DDA7BD719E3B9D00021DFFB /* StackOverflowQuestionsTests.xctest */;
			productType = "com.apple.product-type.bundle.unit-test";
		};
/* End PBXNativeTarget section */

/* Begin PBXProject section */
		4DDA7BB619E3B9CF0021DFFB /* Project object */ = {
			isa = PBXProject;
			attributes = {
				LastUpgradeCheck = 0600;
				ORGANIZATIONNAME = Aztec;
				TargetAttributes = {
					4DDA7BBD19E3B9CF0021DFFB = {
						CreatedOnToolsVersion = 6.0.1;
					};
					4DDA7BD619E3B9D00021DFFB = {
						CreatedOnToolsVersion = 6.0.1;
						TestTargetID = 4DDA7BBD19E3B9CF0021DFFB;
					};
				};
			};
			buildConfigurationList = 4DDA7BB919E3B9CF0021DFFB /* Build configuration list for PBXProject "StackOverflowQuestions" */;
			compatibilityVersion = "Xcode 3.2";
			developmentRegion = English;
			hasScannedForEncodings = 0;
			knownRegions = (
				en,
				Base,
			);
			mainGroup = 4DDA7BB519E3B9CF0021DFFB;
			productRefGroup = 4DDA7BBF19E3B9CF0021DFFB /* Products */;
			projectDirPath = "";
			projectRoot = "";
			targets = (
				4DDA7BBD19E3B9CF0021DFFB /* StackOverflowQuestions */,
				4DDA7BD619E3B9D00021DFFB /* StackOverflowQuestionsTests */,
			);
		};
/* End PBXProject section */

/* Begin PBXResourcesBuildPhase section */
		4DDA7BBC19E3B9CF0021DFFB /* Resources */ = {
			isa = PBXResourcesBuildPhase;
			buildActionMask = 2147483647;
			files = (
				4D66F21319FF80E700E9F86A /* vk_activity@2x.png in Resources */,
				4DDA7BCD19E3B9D00021DFFB /* Main.storyboard in Resources */,
				4D7DC89619EBCE0A00D9294B /* coche_valid.png in Resources */,
				4D66F21119FF80E700E9F86A /* vk_activity_ios8@2x.png in Resources */,
				4D66F21219FF80E700E9F86A /* vk_activity.png in Resources */,
				4DDA7BD219E3B9D00021DFFB /* LaunchScreen.xib in Resources */,
				4D66F21019FF80E700E9F86A /* vk_activity_ios8.png in Resources */,
				4DDA7BCF19E3B9D00021DFFB /* Images.xcassets in Resources */,
				4DB9BE6719F14A4F00862674 /* TagPickerViewController.xib in Resources */,
			);
			runOnlyForDeploymentPostprocessing = 0;
		};
		4DDA7BD519E3B9D00021DFFB /* Resources */ = {
			isa = PBXResourcesBuildPhase;
			buildActionMask = 2147483647;
			files = (
			);
			runOnlyForDeploymentPostprocessing = 0;
		};
/* End PBXResourcesBuildPhase section */

/* Begin PBXShellScriptBuildPhase section */
		D20EFA6CF0D4F1487B4D7F3A /* Check Pods Manifest.lock */ = {
			isa = PBXShellScriptBuildPhase;
			buildActionMask = 2147483647;
			files = (
			);
			inputPaths = (
			);
			name = "Check Pods Manifest.lock";
			outputPaths = (
			);
			runOnlyForDeploymentPostprocessing = 0;
			shellPath = /bin/sh;
			shellScript = "diff \"${PODS_ROOT}/../Podfile.lock\" \"${PODS_ROOT}/Manifest.lock\" > /dev/null\nif [[ $? != 0 ]] ; then\n    cat << EOM\nerror: The sandbox is not in sync with the Podfile.lock. Run 'pod install' or update your CocoaPods installation.\nEOM\n    exit 1\nfi\n";
			showEnvVarsInLog = 0;
		};
		FDD589F176C801838BF15237 /* Copy Pods Resources */ = {
			isa = PBXShellScriptBuildPhase;
			buildActionMask = 2147483647;
			files = (
			);
			inputPaths = (
			);
			name = "Copy Pods Resources";
			outputPaths = (
			);
			runOnlyForDeploymentPostprocessing = 0;
			shellPath = /bin/sh;
			shellScript = "\"${SRCROOT}/Pods/Target Support Files/Pods/Pods-resources.sh\"\n";
			showEnvVarsInLog = 0;
		};
/* End PBXShellScriptBuildPhase section */

/* Begin PBXSourcesBuildPhase section */
		4DDA7BBA19E3B9CF0021DFFB /* Sources */ = {
			isa = PBXSourcesBuildPhase;
			buildActionMask = 2147483647;
			files = (
				4D7DC89E19EBF68D00D9294B /* TagPickerViewController.m in Sources */,
				4DDA7BCA19E3B9D00021DFFB /* QuestionListViewController.m in Sources */,
				4DB9BE6219F1418F00862674 /* FormatterFactory.m in Sources */,
				4DDA7BED19E3CD320021DFFB /* StackOverflowAPI.m in Sources */,
				4DDA7BC719E3B9D00021DFFB /* AppDelegate.m in Sources */,
				4DB9BE5C19F138CA00862674 /* NSString+HTML.m in Sources */,
				4DDA7BC419E3B9D00021DFFB /* main.m in Sources */,
				4DB9BE5E19F139C100862674 /* GTMNString+HTML.m in Sources */,
				4D670EB019FA355A004E54CE /* SettingsController.m in Sources */,
				4D670EA619F51851004E54CE /* UITextView+Additions.m in Sources */,
				4D66F20919FF73AC00E9F86A /* VKontakteActivity.m in Sources */,
				4D670EAC19F68053004E54CE /* NSCachedURLResponse+Expiration.m in Sources */,
				4D7DC89A19EBD44700D9294B /* NSString+Additions.m in Sources */,
				4DDA7BF719E51E4E0021DFFB /* QuestionProfileViewController.m in Sources */,
				4D670EB419FA3C94004E54CE /* UserSettings.m in Sources */,
				4D7DC8AF19F0FE9D00D9294B /* UIViewController+MHSemiModal.m in Sources */,
				5901D72AA8A349B2C11902E9 /* NSURL+PathParameters.m in Sources */,
				5901DA1F5908A3A55C57C22A /* FormatHelper.m in Sources */,
				5901DD2241DD4022C44B5265 /* StackOverflowResponseData.m in Sources */,
				5901DBE067D5D7C142FC9B65 /* QuestionProfileTableViewCell.m in Sources */,
				5901D30B378F13199EA01D50 /* QuestionListViewCell.m in Sources */,
				5901DA149E974890703400E8 /* StackOverflowAPIBase_.m in Sources */,
				5901D63B7CA5912F3788F753 /* StackOverflowAPINew.m in Sources */,
				5901DB512E573620476AA2F9 /* StackOverflowRequest.m in Sources */,
				5901D34E2C6062980401C162 /* StackOverflowObject.m in Sources */,
				5901DA48B527516892A29A62 /* StackOverflowResponse.m in Sources */,
				5901DE2FF2D9444F8F00DD53 /* StackOverflowAPIQuestions.m in Sources */,
				5901DFD80B57356F05CFAA83 /* MappingModel.m in Sources */,
				5901DF7F8275AC95AD3961D7 /* StackOverflowResponseDataStubs.m in Sources */,
				5901D371C6AE536F901F1AD7 /* StackOverflowResponseModelItem.m in Sources */,
				5901D158568225C20FA9E8C8 /* StackOverflowResponseModel.m in Sources */,
			);
			runOnlyForDeploymentPostprocessing = 0;
		};
		4DDA7BD319E3B9D00021DFFB /* Sources */ = {
			isa = PBXSourcesBuildPhase;
			buildActionMask = 2147483647;
			files = (
				4DDA7BDE19E3B9D00021DFFB /* StackOverflowQuestionsTests.m in Sources */,
			);
			runOnlyForDeploymentPostprocessing = 0;
		};
/* End PBXSourcesBuildPhase section */

/* Begin PBXTargetDependency section */
		4DDA7BD919E3B9D00021DFFB /* PBXTargetDependency */ = {
			isa = PBXTargetDependency;
			target = 4DDA7BBD19E3B9CF0021DFFB /* StackOverflowQuestions */;
			targetProxy = 4DDA7BD819E3B9D00021DFFB /* PBXContainerItemProxy */;
		};
/* End PBXTargetDependency section */

/* Begin PBXVariantGroup section */
		4DDA7BCB19E3B9D00021DFFB /* Main.storyboard */ = {
			isa = PBXVariantGroup;
			children = (
				4DDA7BCC19E3B9D00021DFFB /* Base */,
			);
			name = Main.storyboard;
			path = Views;
			sourceTree = "<group>";
		};
		4DDA7BD019E3B9D00021DFFB /* LaunchScreen.xib */ = {
			isa = PBXVariantGroup;
			children = (
				4DDA7BD119E3B9D00021DFFB /* Base */,
			);
			name = LaunchScreen.xib;
			path = Views;
			sourceTree = "<group>";
		};
/* End PBXVariantGroup section */

/* Begin XCBuildConfiguration section */
		4DDA7BDF19E3B9D00021DFFB /* Debug */ = {
			isa = XCBuildConfiguration;
			buildSettings = {
				ALWAYS_SEARCH_USER_PATHS = NO;
				CLANG_CXX_LANGUAGE_STANDARD = "gnu++0x";
				CLANG_CXX_LIBRARY = "libc++";
				CLANG_ENABLE_MODULES = YES;
				CLANG_ENABLE_OBJC_ARC = YES;
				CLANG_WARN_BOOL_CONVERSION = YES;
				CLANG_WARN_CONSTANT_CONVERSION = YES;
				CLANG_WARN_DIRECT_OBJC_ISA_USAGE = YES_ERROR;
				CLANG_WARN_EMPTY_BODY = YES;
				CLANG_WARN_ENUM_CONVERSION = YES;
				CLANG_WARN_INT_CONVERSION = YES;
				CLANG_WARN_OBJC_ROOT_CLASS = YES_ERROR;
				CLANG_WARN_UNREACHABLE_CODE = YES;
				CLANG_WARN__DUPLICATE_METHOD_MATCH = YES;
				"CODE_SIGN_IDENTITY[sdk=iphoneos*]" = "iPhone Developer";
				COPY_PHASE_STRIP = NO;
				ENABLE_STRICT_OBJC_MSGSEND = YES;
				GCC_C_LANGUAGE_STANDARD = gnu99;
				GCC_DYNAMIC_NO_PIC = NO;
				GCC_OPTIMIZATION_LEVEL = 0;
				GCC_PREPROCESSOR_DEFINITIONS = (
					"DEBUG=1",
					"$(inherited)",
				);
				GCC_SYMBOLS_PRIVATE_EXTERN = NO;
				GCC_WARN_64_TO_32_BIT_CONVERSION = YES;
				GCC_WARN_ABOUT_RETURN_TYPE = YES_ERROR;
				GCC_WARN_UNDECLARED_SELECTOR = YES;
				GCC_WARN_UNINITIALIZED_AUTOS = YES_AGGRESSIVE;
				GCC_WARN_UNUSED_FUNCTION = YES;
				GCC_WARN_UNUSED_VARIABLE = YES;
				IPHONEOS_DEPLOYMENT_TARGET = 8.0;
				MTL_ENABLE_DEBUG_INFO = YES;
				ONLY_ACTIVE_ARCH = YES;
				SDKROOT = iphoneos;
			};
			name = Debug;
		};
		4DDA7BE019E3B9D00021DFFB /* Release */ = {
			isa = XCBuildConfiguration;
			buildSettings = {
				ALWAYS_SEARCH_USER_PATHS = NO;
				CLANG_CXX_LANGUAGE_STANDARD = "gnu++0x";
				CLANG_CXX_LIBRARY = "libc++";
				CLANG_ENABLE_MODULES = YES;
				CLANG_ENABLE_OBJC_ARC = YES;
				CLANG_WARN_BOOL_CONVERSION = YES;
				CLANG_WARN_CONSTANT_CONVERSION = YES;
				CLANG_WARN_DIRECT_OBJC_ISA_USAGE = YES_ERROR;
				CLANG_WARN_EMPTY_BODY = YES;
				CLANG_WARN_ENUM_CONVERSION = YES;
				CLANG_WARN_INT_CONVERSION = YES;
				CLANG_WARN_OBJC_ROOT_CLASS = YES_ERROR;
				CLANG_WARN_UNREACHABLE_CODE = YES;
				CLANG_WARN__DUPLICATE_METHOD_MATCH = YES;
				"CODE_SIGN_IDENTITY[sdk=iphoneos*]" = "iPhone Developer";
				COPY_PHASE_STRIP = YES;
				ENABLE_NS_ASSERTIONS = NO;
				ENABLE_STRICT_OBJC_MSGSEND = YES;
				GCC_C_LANGUAGE_STANDARD = gnu99;
				GCC_WARN_64_TO_32_BIT_CONVERSION = YES;
				GCC_WARN_ABOUT_RETURN_TYPE = YES_ERROR;
				GCC_WARN_UNDECLARED_SELECTOR = YES;
				GCC_WARN_UNINITIALIZED_AUTOS = YES_AGGRESSIVE;
				GCC_WARN_UNUSED_FUNCTION = YES;
				GCC_WARN_UNUSED_VARIABLE = YES;
				IPHONEOS_DEPLOYMENT_TARGET = 8.0;
				MTL_ENABLE_DEBUG_INFO = NO;
				SDKROOT = iphoneos;
				VALIDATE_PRODUCT = YES;
			};
			name = Release;
		};
		4DDA7BE219E3B9D00021DFFB /* Debug */ = {
			isa = XCBuildConfiguration;
			baseConfigurationReference = B550769617CD92B6AA96C123 /* Pods.debug.xcconfig */;
			buildSettings = {
				ASSETCATALOG_COMPILER_APPICON_NAME = AppIcon;
				INFOPLIST_FILE = StackOverflowQuestions/Info.plist;
				IPHONEOS_DEPLOYMENT_TARGET = 6.1;
				LD_RUNPATH_SEARCH_PATHS = "$(inherited) @executable_path/Frameworks";
				PRODUCT_NAME = "$(TARGET_NAME)";
				USER_HEADER_SEARCH_PATHS = "\"${PROJECT_DIR}/Pods\"/**";
			};
			name = Debug;
		};
		4DDA7BE319E3B9D00021DFFB /* Release */ = {
			isa = XCBuildConfiguration;
			baseConfigurationReference = 73E82169FEC35BAF58ECF7CD /* Pods.release.xcconfig */;
			buildSettings = {
				ASSETCATALOG_COMPILER_APPICON_NAME = AppIcon;
				INFOPLIST_FILE = StackOverflowQuestions/Info.plist;
				IPHONEOS_DEPLOYMENT_TARGET = 6.1;
				LD_RUNPATH_SEARCH_PATHS = "$(inherited) @executable_path/Frameworks";
				PRODUCT_NAME = "$(TARGET_NAME)";
				USER_HEADER_SEARCH_PATHS = "\"${PROJECT_DIR}/Pods\"/**";
			};
			name = Release;
		};
		4DDA7BE519E3B9D00021DFFB /* Debug */ = {
			isa = XCBuildConfiguration;
			buildSettings = {
				BUNDLE_LOADER = "$(TEST_HOST)";
				FRAMEWORK_SEARCH_PATHS = (
					"$(SDKROOT)/Developer/Library/Frameworks",
					"$(inherited)",
				);
				GCC_PREPROCESSOR_DEFINITIONS = (
					"DEBUG=1",
					"$(inherited)",
				);
				INFOPLIST_FILE = StackOverflowQuestionsTests/Info.plist;
				LD_RUNPATH_SEARCH_PATHS = "$(inherited) @executable_path/Frameworks @loader_path/Frameworks";
				PRODUCT_NAME = "$(TARGET_NAME)";
				TEST_HOST = "$(BUILT_PRODUCTS_DIR)/StackOverflowQuestions.app/StackOverflowQuestions";
			};
			name = Debug;
		};
		4DDA7BE619E3B9D00021DFFB /* Release */ = {
			isa = XCBuildConfiguration;
			buildSettings = {
				BUNDLE_LOADER = "$(TEST_HOST)";
				FRAMEWORK_SEARCH_PATHS = (
					"$(SDKROOT)/Developer/Library/Frameworks",
					"$(inherited)",
				);
				INFOPLIST_FILE = StackOverflowQuestionsTests/Info.plist;
				LD_RUNPATH_SEARCH_PATHS = "$(inherited) @executable_path/Frameworks @loader_path/Frameworks";
				PRODUCT_NAME = "$(TARGET_NAME)";
				TEST_HOST = "$(BUILT_PRODUCTS_DIR)/StackOverflowQuestions.app/StackOverflowQuestions";
			};
			name = Release;
		};
/* End XCBuildConfiguration section */

/* Begin XCConfigurationList section */
		4DDA7BB919E3B9CF0021DFFB /* Build configuration list for PBXProject "StackOverflowQuestions" */ = {
			isa = XCConfigurationList;
			buildConfigurations = (
				4DDA7BDF19E3B9D00021DFFB /* Debug */,
				4DDA7BE019E3B9D00021DFFB /* Release */,
			);
			defaultConfigurationIsVisible = 0;
			defaultConfigurationName = Release;
		};
		4DDA7BE119E3B9D00021DFFB /* Build configuration list for PBXNativeTarget "StackOverflowQuestions" */ = {
			isa = XCConfigurationList;
			buildConfigurations = (
				4DDA7BE219E3B9D00021DFFB /* Debug */,
				4DDA7BE319E3B9D00021DFFB /* Release */,
			);
			defaultConfigurationIsVisible = 0;
			defaultConfigurationName = Release;
		};
		4DDA7BE419E3B9D00021DFFB /* Build configuration list for PBXNativeTarget "StackOverflowQuestionsTests" */ = {
			isa = XCConfigurationList;
			buildConfigurations = (
				4DDA7BE519E3B9D00021DFFB /* Debug */,
				4DDA7BE619E3B9D00021DFFB /* Release */,
			);
			defaultConfigurationIsVisible = 0;
			defaultConfigurationName = Release;
		};
/* End XCConfigurationList section */
	};
	rootObject = 4DDA7BB619E3B9CF0021DFFB /* Project object */;
}
